{
  "object": {
    "pins": [
      {
        "package": "KeyboardKit",
        "repositoryURL": "https://github.com/danielsaidi/KeyboardKit",
        "state": {
          "branch": "v4.0",
          "revision": "4b477d28abf50fafb4a805e46cd28aecfdf4dcf8",
          "version": null
        }
      }
    ]
  },
  "version": 1
}
