{
  "object": {
    "pins": [
      {
        "package": "KeyboardKit",
        "repositoryURL": "https://github.com/danielsaidi/KeyboardKit",
        "state": {
          "branch": "master",
          "revision": "f577f4b01a8696c5db57d5155558211c67eb2854",
          "version": null
        }
      },
      {
        "package": "KeyboardKitSwiftUI",
        "repositoryURL": "https://github.com/danielsaidi/KeyboardKitSwiftUI",
        "state": {
          "branch": "master",
          "revision": "9a6255c8a22ff69bb61edec204a7714760b8915a",
          "version": null
        }
      }
    ]
  },
  "version": 1
}
