{
  "object": {
    "pins": [
      {
        "package": "KeyboardKit",
        "repositoryURL": "https://github.com/danielsaidi/KeyboardKit",
        "state": {
          "branch": "v4.0",
          "revision": "72df658bf7003012f9cb282b3f39f3b6c90f1260",
          "version": null
        }
      }
    ]
  },
  "version": 1
}
