{
  "object": {
    "pins": [
      {
        "package": "KeyboardKit",
        "repositoryURL": "https://github.com/danielsaidi/KeyboardKit.git",
        "state": {
          "branch": "master",
          "revision": "142dab971bebca20d9f57b81e966a566e64ddee6",
          "version": null
        }
      },
      {
        "package": "KeyboardKitPro",
        "repositoryURL": "https://github.com/KeyboardKit/KeyboardKitPro.git",
        "state": {
          "branch": null,
          "revision": "7c2320fb34daecd3c265d47b0f5ee45ce84a4128",
          "version": "4.6.2"
        }
      }
    ]
  },
  "version": 1
}
