{
  "object": {
    "pins": [
      {
        "package": "KeyboardKit",
        "repositoryURL": "https://github.com/danielsaidi/KeyboardKit.git",
        "state": {
          "branch": null,
          "revision": "5b23a9e762ad41b3749d0ee52cb4e39dbcef7874",
          "version": "4.6.1"
        }
      },
      {
        "package": "KeyboardKitPro",
        "repositoryURL": "https://github.com/KeyboardKit/KeyboardKitPro.git",
        "state": {
          "branch": null,
          "revision": "be4badf319b7781ae942a59c06197858388d1384",
          "version": "4.6.0"
        }
      }
    ]
  },
  "version": 1
}
