{
  "pins" : [
    {
      "identity" : "keyboardkitpro",
      "kind" : "remoteSourceControl",
      "location" : "https://github.com/KeyboardKit/KeyboardKitPro.git",
      "state" : {
        "revision" : "25569595a24d5eabd3f65047cab4d5c553c4739a",
        "version" : "8.5.0"
      }
    },
    {
      "identity" : "mockingkit",
      "kind" : "remoteSourceControl",
      "location" : "https://github.com/danielsaidi/MockingKit.git",
      "state" : {
        "revision" : "4967086efeb95d5e5dc33709307bf6bacdcfab63",
        "version" : "1.4.0"
      }
    }
  ],
  "version" : 2
}
