{
  "pins" : [
    {
      "identity" : "keyboardkitpro",
      "kind" : "remoteSourceControl",
      "location" : "https://github.com/KeyboardKit/KeyboardKitPro.git",
      "state" : {
        "revision" : "9fc3f702cbeede7858fb60a6f43f151b9447124b",
        "version" : "6.9.0"
      }
    },
    {
      "identity" : "swiftuikit",
      "kind" : "remoteSourceControl",
      "location" : "https://github.com/danielsaidi/SwiftUIKit",
      "state" : {
        "revision" : "b7a64b83c186e3a1b8f3cfface0b30a3c6a51e1c",
        "version" : "3.1.0"
      }
    }
  ],
  "version" : 2
}
