// !$*UTF8*$!
{
	archiveVersion = 1;
	classes = {
	};
	objectVersion = 56;
	objects = {

/* Begin PBXBuildFile section */
		A9113900294693A70036CAD8 /* FullDocumentContextTestApp.swift in Sources */ = {isa = PBXBuildFile; fileRef = A91138FF294693A70036CAD8 /* FullDocumentContextTestApp.swift */; };
		A9113902294693A70036CAD8 /* ContentView.swift in Sources */ = {isa = PBXBuildFile; fileRef = A9113901294693A70036CAD8 /* ContentView.swift */; };
		A9113904294693A80036CAD8 /* Assets.xcassets in Resources */ = {isa = PBXBuildFile; fileRef = A9113903294693A80036CAD8 /* Assets.xcassets */; };
		A9113907294693A80036CAD8 /* Preview Assets.xcassets in Resources */ = {isa = PBXBuildFile; fileRef = A9113906294693A80036CAD8 /* Preview Assets.xcassets */; };
		A9113914294694010036CAD8 /* KeyboardViewController.swift in Sources */ = {isa = PBXBuildFile; fileRef = A9113913294694010036CAD8 /* KeyboardViewController.swift */; };
		A9113918294694010036CAD8 /* Keyboard.appex in Embed Foundation Extensions */ = {isa = PBXBuildFile; fileRef = A9113911294694010036CAD8 /* Keyboard.appex */; settings = {ATTRIBUTES = (RemoveHeadersOnCopy, ); }; };
		A9DD80632962E8FE0007A904 /* KeyboardKitPro in Frameworks */ = {isa = PBXBuildFile; productRef = A9DD80622962E8FE0007A904 /* KeyboardKitPro */; };
/* End PBXBuildFile section */

/* Begin PBXContainerItemProxy section */
		A9113916294694010036CAD8 /* PBXContainerItemProxy */ = {
			isa = PBXContainerItemProxy;
			containerPortal = A91138F4294693A70036CAD8 /* Project object */;
			proxyType = 1;
			remoteGlobalIDString = A9113910294694010036CAD8;
			remoteInfo = Keyboard;
		};
/* End PBXContainerItemProxy section */

/* Begin PBXCopyFilesBuildPhase section */
		A9113919294694010036CAD8 /* Embed Foundation Extensions */ = {
			isa = PBXCopyFilesBuildPhase;
			buildActionMask = 2147483647;
			dstPath = "";
			dstSubfolderSpec = 13;
			files = (
				A9113918294694010036CAD8 /* Keyboard.appex in Embed Foundation Extensions */,
			);
			name = "Embed Foundation Extensions";
			runOnlyForDeploymentPostprocessing = 0;
		};
/* End PBXCopyFilesBuildPhase section */

/* Begin PBXFileReference section */
		A91138FC294693A70036CAD8 /* FullDocumentContextTest.app */ = {isa = PBXFileReference; explicitFileType = wrapper.application; includeInIndex = 0; path = FullDocumentContextTest.app; sourceTree = BUILT_PRODUCTS_DIR; };
		A91138FF294693A70036CAD8 /* FullDocumentContextTestApp.swift */ = {isa = PBXFileReference; lastKnownFileType = sourcecode.swift; path = FullDocumentContextTestApp.swift; sourceTree = "<group>"; };
		A9113901294693A70036CAD8 /* ContentView.swift */ = {isa = PBXFileReference; lastKnownFileType = sourcecode.swift; path = ContentView.swift; sourceTree = "<group>"; };
		A9113903294693A80036CAD8 /* Assets.xcassets */ = {isa = PBXFileReference; lastKnownFileType = folder.assetcatalog; path = Assets.xcassets; sourceTree = "<group>"; };
		A9113906294693A80036CAD8 /* Preview Assets.xcassets */ = {isa = PBXFileReference; lastKnownFileType = folder.assetcatalog; path = "Preview Assets.xcassets"; sourceTree = "<group>"; };
		A9113911294694010036CAD8 /* Keyboard.appex */ = {isa = PBXFileReference; explicitFileType = "wrapper.app-extension"; includeInIndex = 0; path = Keyboard.appex; sourceTree = BUILT_PRODUCTS_DIR; };
		A9113913294694010036CAD8 /* KeyboardViewController.swift */ = {isa = PBXFileReference; lastKnownFileType = sourcecode.swift; path = KeyboardViewController.swift; sourceTree = "<group>"; };
		A9113915294694010036CAD8 /* Info.plist */ = {isa = PBXFileReference; lastKnownFileType = text.plist.xml; path = Info.plist; sourceTree = "<group>"; };
/* End PBXFileReference section */

/* Begin PBXFrameworksBuildPhase section */
		A91138F9294693A70036CAD8 /* Frameworks */ = {
			isa = PBXFrameworksBuildPhase;
			buildActionMask = 2147483647;
			files = (
				A9DD80632962E8FE0007A904 /* KeyboardKitPro in Frameworks */,
			);
			runOnlyForDeploymentPostprocessing = 0;
		};
		A911390E294694010036CAD8 /* Frameworks */ = {
			isa = PBXFrameworksBuildPhase;
			buildActionMask = 2147483647;
			files = (
			);
			runOnlyForDeploymentPostprocessing = 0;
		};
/* End PBXFrameworksBuildPhase section */

/* Begin PBXGroup section */
		A91138F3294693A70036CAD8 = {
			isa = PBXGroup;
			children = (
				A911391D2946941A0036CAD8 /* Packages */,
				A91138FE294693A70036CAD8 /* FullDocumentContextTest */,
				A9113912294694010036CAD8 /* Keyboard */,
				A91138FD294693A70036CAD8 /* Products */,
				A911391F294694250036CAD8 /* Frameworks */,
			);
			sourceTree = "<group>";
		};
		A91138FD294693A70036CAD8 /* Products */ = {
			isa = PBXGroup;
			children = (
				A91138FC294693A70036CAD8 /* FullDocumentContextTest.app */,
				A9113911294694010036CAD8 /* Keyboard.appex */,
			);
			name = Products;
			sourceTree = "<group>";
		};
		A91138FE294693A70036CAD8 /* FullDocumentContextTest */ = {
			isa = PBXGroup;
			children = (
				A91138FF294693A70036CAD8 /* FullDocumentContextTestApp.swift */,
				A9113901294693A70036CAD8 /* ContentView.swift */,
				A9113903294693A80036CAD8 /* Assets.xcassets */,
				A9113905294693A80036CAD8 /* Preview Content */,
			);
			path = FullDocumentContextTest;
			sourceTree = "<group>";
		};
		A9113905294693A80036CAD8 /* Preview Content */ = {
			isa = PBXGroup;
			children = (
				A9113906294693A80036CAD8 /* Preview Assets.xcassets */,
			);
			path = "Preview Content";
			sourceTree = "<group>";
		};
		A9113912294694010036CAD8 /* Keyboard */ = {
			isa = PBXGroup;
			children = (
				A9113913294694010036CAD8 /* KeyboardViewController.swift */,
				A9113915294694010036CAD8 /* Info.plist */,
			);
			path = Keyboard;
			sourceTree = "<group>";
		};
		A911391D2946941A0036CAD8 /* Packages */ = {
			isa = PBXGroup;
			children = (
			);
			name = Packages;
			sourceTree = "<group>";
		};
		A911391F294694250036CAD8 /* Frameworks */ = {
			isa = PBXGroup;
			children = (
			);
			name = Frameworks;
			sourceTree = "<group>";
		};
/* End PBXGroup section */

/* Begin PBXNativeTarget section */
		A91138FB294693A70036CAD8 /* FullDocumentContextTest */ = {
			isa = PBXNativeTarget;
			buildConfigurationList = A911390A294693A80036CAD8 /* Build configuration list for PBXNativeTarget "FullDocumentContextTest" */;
			buildPhases = (
				A91138F8294693A70036CAD8 /* Sources */,
				A91138F9294693A70036CAD8 /* Frameworks */,
				A91138FA294693A70036CAD8 /* Resources */,
				A9113919294694010036CAD8 /* Embed Foundation Extensions */,
			);
			buildRules = (
			);
			dependencies = (
				A9113917294694010036CAD8 /* PBXTargetDependency */,
			);
			name = FullDocumentContextTest;
			packageProductDependencies = (
				A9DD80622962E8FE0007A904 /* KeyboardKitPro */,
			);
			productName = FullDocumentContextTest;
			productReference = A91138FC294693A70036CAD8 /* FullDocumentContextTest.app */;
			productType = "com.apple.product-type.application";
		};
		A9113910294694010036CAD8 /* Keyboard */ = {
			isa = PBXNativeTarget;
			buildConfigurationList = A911391C294694010036CAD8 /* Build configuration list for PBXNativeTarget "Keyboard" */;
			buildPhases = (
				A911390D294694010036CAD8 /* Sources */,
				A911390E294694010036CAD8 /* Frameworks */,
				A911390F294694010036CAD8 /* Resources */,
			);
			buildRules = (
			);
			dependencies = (
			);
			name = Keyboard;
			packageProductDependencies = (
			);
			productName = Keyboard;
			productReference = A9113911294694010036CAD8 /* Keyboard.appex */;
			productType = "com.apple.product-type.app-extension";
		};
/* End PBXNativeTarget section */

/* Begin PBXProject section */
		A91138F4294693A70036CAD8 /* Project object */ = {
			isa = PBXProject;
			attributes = {
				BuildIndependentTargetsInParallel = 1;
				LastSwiftUpdateCheck = 1410;
				LastUpgradeCheck = 1410;
				TargetAttributes = {
					A91138FB294693A70036CAD8 = {
						CreatedOnToolsVersion = 14.1;
					};
					A9113910294694010036CAD8 = {
						CreatedOnToolsVersion = 14.1;
					};
				};
			};
			buildConfigurationList = A91138F7294693A70036CAD8 /* Build configuration list for PBXProject "FullDocumentContextTest" */;
			compatibilityVersion = "Xcode 14.0";
			developmentRegion = en;
			hasScannedForEncodings = 0;
			knownRegions = (
				en,
				Base,
			);
			mainGroup = A91138F3294693A70036CAD8;
			packageReferences = (
				A9DD80612962E8FE0007A904 /* XCRemoteSwiftPackageReference "KeyboardKitPro" */,
			);
			productRefGroup = A91138FD294693A70036CAD8 /* Products */;
			projectDirPath = "";
			projectRoot = "";
			targets = (
				A91138FB294693A70036CAD8 /* FullDocumentContextTest */,
				A9113910294694010036CAD8 /* Keyboard */,
			);
		};
/* End PBXProject section */

/* Begin PBXResourcesBuildPhase section */
		A91138FA294693A70036CAD8 /* Resources */ = {
			isa = PBXResourcesBuildPhase;
			buildActionMask = 2147483647;
			files = (
				A9113907294693A80036CAD8 /* Preview Assets.xcassets in Resources */,
				A9113904294693A80036CAD8 /* Assets.xcassets in Resources */,
			);
			runOnlyForDeploymentPostprocessing = 0;
		};
		A911390F294694010036CAD8 /* Resources */ = {
			isa = PBXResourcesBuildPhase;
			buildActionMask = 2147483647;
			files = (
			);
			runOnlyForDeploymentPostprocessing = 0;
		};
/* End PBXResourcesBuildPhase section */

/* Begin PBXSourcesBuildPhase section */
		A91138F8294693A70036CAD8 /* Sources */ = {
			isa = PBXSourcesBuildPhase;
			buildActionMask = 2147483647;
			files = (
				A9113902294693A70036CAD8 /* ContentView.swift in Sources */,
				A9113900294693A70036CAD8 /* FullDocumentContextTestApp.swift in Sources */,
			);
			runOnlyForDeploymentPostprocessing = 0;
		};
		A911390D294694010036CAD8 /* Sources */ = {
			isa = PBXSourcesBuildPhase;
			buildActionMask = 2147483647;
			files = (
				A9113914294694010036CAD8 /* KeyboardViewController.swift in Sources */,
			);
			runOnlyForDeploymentPostprocessing = 0;
		};
/* End PBXSourcesBuildPhase section */

/* Begin PBXTargetDependency section */
		A9113917294694010036CAD8 /* PBXTargetDependency */ = {
			isa = PBXTargetDependency;
			target = A9113910294694010036CAD8 /* Keyboard */;
			targetProxy = A9113916294694010036CAD8 /* PBXContainerItemProxy */;
		};
/* End PBXTargetDependency section */

/* Begin XCBuildConfiguration section */
		A9113908294693A80036CAD8 /* Debug */ = {
			isa = XCBuildConfiguration;
			buildSettings = {
				ALWAYS_SEARCH_USER_PATHS = NO;
				CLANG_ANALYZER_NONNULL = YES;
				CLANG_ANALYZER_NUMBER_OBJECT_CONVERSION = YES_AGGRESSIVE;
				CLANG_CXX_LANGUAGE_STANDARD = "gnu++20";
				CLANG_ENABLE_MODULES = YES;
				CLANG_ENABLE_OBJC_ARC = YES;
				CLANG_ENABLE_OBJC_WEAK = YES;
				CLANG_WARN_BLOCK_CAPTURE_AUTORELEASING = YES;
				CLANG_WARN_BOOL_CONVERSION = YES;
				CLANG_WARN_COMMA = YES;
				CLANG_WARN_CONSTANT_CONVERSION = YES;
				CLANG_WARN_DEPRECATED_OBJC_IMPLEMENTATIONS = YES;
				CLANG_WARN_DIRECT_OBJC_ISA_USAGE = YES_ERROR;
				CLANG_WARN_DOCUMENTATION_COMMENTS = YES;
				CLANG_WARN_EMPTY_BODY = YES;
				CLANG_WARN_ENUM_CONVERSION = YES;
				CLANG_WARN_INFINITE_RECURSION = YES;
				CLANG_WARN_INT_CONVERSION = YES;
				CLANG_WARN_NON_LITERAL_NULL_CONVERSION = YES;
				CLANG_WARN_OBJC_IMPLICIT_RETAIN_SELF = YES;
				CLANG_WARN_OBJC_LITERAL_CONVERSION = YES;
				CLANG_WARN_OBJC_ROOT_CLASS = YES_ERROR;
				CLANG_WARN_QUOTED_INCLUDE_IN_FRAMEWORK_HEADER = YES;
				CLANG_WARN_RANGE_LOOP_ANALYSIS = YES;
				CLANG_WARN_STRICT_PROTOTYPES = YES;
				CLANG_WARN_SUSPICIOUS_MOVE = YES;
				CLANG_WARN_UNGUARDED_AVAILABILITY = YES_AGGRESSIVE;
				CLANG_WARN_UNREACHABLE_CODE = YES;
				CLANG_WARN__DUPLICATE_METHOD_MATCH = YES;
				COPY_PHASE_STRIP = NO;
				DEBUG_INFORMATION_FORMAT = dwarf;
				ENABLE_STRICT_OBJC_MSGSEND = YES;
				ENABLE_TESTABILITY = YES;
				GCC_C_LANGUAGE_STANDARD = gnu11;
				GCC_DYNAMIC_NO_PIC = NO;
				GCC_NO_COMMON_BLOCKS = YES;
				GCC_OPTIMIZATION_LEVEL = 0;
				GCC_PREPROCESSOR_DEFINITIONS = (
					"DEBUG=1",
					"$(inherited)",
				);
				GCC_WARN_64_TO_32_BIT_CONVERSION = YES;
				GCC_WARN_ABOUT_RETURN_TYPE = YES_ERROR;
				GCC_WARN_UNDECLARED_SELECTOR = YES;
				GCC_WARN_UNINITIALIZED_AUTOS = YES_AGGRESSIVE;
				GCC_WARN_UNUSED_FUNCTION = YES;
				GCC_WARN_UNUSED_VARIABLE = YES;
				IPHONEOS_DEPLOYMENT_TARGET = 15.0;
				MTL_ENABLE_DEBUG_INFO = INCLUDE_SOURCE;
				MTL_FAST_MATH = YES;
				ONLY_ACTIVE_ARCH = YES;
				SDKROOT = iphoneos;
				SWIFT_ACTIVE_COMPILATION_CONDITIONS = DEBUG;
				SWIFT_OPTIMIZATION_LEVEL = "-Onone";
			};
			name = Debug;
		};
		A9113909294693A80036CAD8 /* Release */ = {
			isa = XCBuildConfiguration;
			buildSettings = {
				ALWAYS_SEARCH_USER_PATHS = NO;
				CLANG_ANALYZER_NONNULL = YES;
				CLANG_ANALYZER_NUMBER_OBJECT_CONVERSION = YES_AGGRESSIVE;
				CLANG_CXX_LANGUAGE_STANDARD = "gnu++20";
				CLANG_ENABLE_MODULES = YES;
				CLANG_ENABLE_OBJC_ARC = YES;
				CLANG_ENABLE_OBJC_WEAK = YES;
				CLANG_WARN_BLOCK_CAPTURE_AUTORELEASING = YES;
				CLANG_WARN_BOOL_CONVERSION = YES;
				CLANG_WARN_COMMA = YES;
				CLANG_WARN_CONSTANT_CONVERSION = YES;
				CLANG_WARN_DEPRECATED_OBJC_IMPLEMENTATIONS = YES;
				CLANG_WARN_DIRECT_OBJC_ISA_USAGE = YES_ERROR;
				CLANG_WARN_DOCUMENTATION_COMMENTS = YES;
				CLANG_WARN_EMPTY_BODY = YES;
				CLANG_WARN_ENUM_CONVERSION = YES;
				CLANG_WARN_INFINITE_RECURSION = YES;
				CLANG_WARN_INT_CONVERSION = YES;
				CLANG_WARN_NON_LITERAL_NULL_CONVERSION = YES;
				CLANG_WARN_OBJC_IMPLICIT_RETAIN_SELF = YES;
				CLANG_WARN_OBJC_LITERAL_CONVERSION = YES;
				CLANG_WARN_OBJC_ROOT_CLASS = YES_ERROR;
				CLANG_WARN_QUOTED_INCLUDE_IN_FRAMEWORK_HEADER = YES;
				CLANG_WARN_RANGE_LOOP_ANALYSIS = YES;
				CLANG_WARN_STRICT_PROTOTYPES = YES;
				CLANG_WARN_SUSPICIOUS_MOVE = YES;
				CLANG_WARN_UNGUARDED_AVAILABILITY = YES_AGGRESSIVE;
				CLANG_WARN_UNREACHABLE_CODE = YES;
				CLANG_WARN__DUPLICATE_METHOD_MATCH = YES;
				COPY_PHASE_STRIP = NO;
				DEBUG_INFORMATION_FORMAT = "dwarf-with-dsym";
				ENABLE_NS_ASSERTIONS = NO;
				ENABLE_STRICT_OBJC_MSGSEND = YES;
				GCC_C_LANGUAGE_STANDARD = gnu11;
				GCC_NO_COMMON_BLOCKS = YES;
				GCC_WARN_64_TO_32_BIT_CONVERSION = YES;
				GCC_WARN_ABOUT_RETURN_TYPE = YES_ERROR;
				GCC_WARN_UNDECLARED_SELECTOR = YES;
				GCC_WARN_UNINITIALIZED_AUTOS = YES_AGGRESSIVE;
				GCC_WARN_UNUSED_FUNCTION = YES;
				GCC_WARN_UNUSED_VARIABLE = YES;
				IPHONEOS_DEPLOYMENT_TARGET = 15.0;
				MTL_ENABLE_DEBUG_INFO = NO;
				MTL_FAST_MATH = YES;
				SDKROOT = iphoneos;
				SWIFT_COMPILATION_MODE = wholemodule;
				SWIFT_OPTIMIZATION_LEVEL = "-O";
				VALIDATE_PRODUCT = YES;
			};
			name = Release;
		};
		A911390B294693A80036CAD8 /* Debug */ = {
			isa = XCBuildConfiguration;
			buildSettings = {
				ALWAYS_EMBED_SWIFT_STANDARD_LIBRARIES = YES;
				ASSETCATALOG_COMPILER_APPICON_NAME = AppIcon;
				ASSETCATALOG_COMPILER_GLOBAL_ACCENT_COLOR_NAME = AccentColor;
				CODE_SIGN_STYLE = Automatic;
				CURRENT_PROJECT_VERSION = 1;
				DEVELOPMENT_ASSET_PATHS = "\"FullDocumentContextTest/Preview Content\"";
				DEVELOPMENT_TEAM = PMEDFW438U;
				ENABLE_PREVIEWS = YES;
				GENERATE_INFOPLIST_FILE = YES;
				INFOPLIST_KEY_UIApplicationSceneManifest_Generation = YES;
				INFOPLIST_KEY_UIApplicationSupportsIndirectInputEvents = YES;
				INFOPLIST_KEY_UILaunchScreen_Generation = YES;
				INFOPLIST_KEY_UISupportedInterfaceOrientations_iPad = "UIInterfaceOrientationPortrait UIInterfaceOrientationPortraitUpsideDown UIInterfaceOrientationLandscapeLeft UIInterfaceOrientationLandscapeRight";
				INFOPLIST_KEY_UISupportedInterfaceOrientations_iPhone = "UIInterfaceOrientationPortrait UIInterfaceOrientationLandscapeLeft UIInterfaceOrientationLandscapeRight";
				LD_RUNPATH_SEARCH_PATHS = (
					"$(inherited)",
					"@executable_path/Frameworks",
				);
				MARKETING_VERSION = 1.0;
				PRODUCT_BUNDLE_IDENTIFIER = com.keyboardkit.demo;
				PRODUCT_NAME = "$(TARGET_NAME)";
				SWIFT_EMIT_LOC_STRINGS = YES;
				SWIFT_VERSION = 5.0;
				TARGETED_DEVICE_FAMILY = "1,2";
			};
			name = Debug;
		};
		A911390C294693A80036CAD8 /* Release */ = {
			isa = XCBuildConfiguration;
			buildSettings = {
				ALWAYS_EMBED_SWIFT_STANDARD_LIBRARIES = YES;
				ASSETCATALOG_COMPILER_APPICON_NAME = AppIcon;
				ASSETCATALOG_COMPILER_GLOBAL_ACCENT_COLOR_NAME = AccentColor;
				CODE_SIGN_STYLE = Automatic;
				CURRENT_PROJECT_VERSION = 1;
				DEVELOPMENT_ASSET_PATHS = "\"FullDocumentContextTest/Preview Content\"";
				DEVELOPMENT_TEAM = PMEDFW438U;
				ENABLE_PREVIEWS = YES;
				GENERATE_INFOPLIST_FILE = YES;
				INFOPLIST_KEY_UIApplicationSceneManifest_Generation = YES;
				INFOPLIST_KEY_UIApplicationSupportsIndirectInputEvents = YES;
				INFOPLIST_KEY_UILaunchScreen_Generation = YES;
				INFOPLIST_KEY_UISupportedInterfaceOrientations_iPad = "UIInterfaceOrientationPortrait UIInterfaceOrientationPortraitUpsideDown UIInterfaceOrientationLandscapeLeft UIInterfaceOrientationLandscapeRight";
				INFOPLIST_KEY_UISupportedInterfaceOrientations_iPhone = "UIInterfaceOrientationPortrait UIInterfaceOrientationLandscapeLeft UIInterfaceOrientationLandscapeRight";
				LD_RUNPATH_SEARCH_PATHS = (
					"$(inherited)",
					"@executable_path/Frameworks",
				);
				MARKETING_VERSION = 1.0;
				PRODUCT_BUNDLE_IDENTIFIER = com.keyboardkit.demo;
				PRODUCT_NAME = "$(TARGET_NAME)";
				SWIFT_EMIT_LOC_STRINGS = YES;
				SWIFT_VERSION = 5.0;
				TARGETED_DEVICE_FAMILY = "1,2";
			};
			name = Release;
		};
		A911391A294694010036CAD8 /* Debug */ = {
			isa = XCBuildConfiguration;
			buildSettings = {
				CODE_SIGN_STYLE = Automatic;
				CURRENT_PROJECT_VERSION = 1;
				DEVELOPMENT_TEAM = PMEDFW438U;
				GENERATE_INFOPLIST_FILE = YES;
				INFOPLIST_FILE = Keyboard/Info.plist;
				INFOPLIST_KEY_CFBundleDisplayName = Keyboard;
				INFOPLIST_KEY_NSHumanReadableCopyright = "";
				LD_RUNPATH_SEARCH_PATHS = (
					"$(inherited)",
					"@executable_path/Frameworks",
					"@executable_path/../../Frameworks",
				);
				MARKETING_VERSION = 1.0;
				PRODUCT_BUNDLE_IDENTIFIER = com.keyboardkit.demo.keyboard;
				PRODUCT_NAME = "$(TARGET_NAME)";
				SKIP_INSTALL = YES;
				SWIFT_EMIT_LOC_STRINGS = YES;
				SWIFT_VERSION = 5.0;
				TARGETED_DEVICE_FAMILY = "1,2";
			};
			name = Debug;
		};
		A911391B294694010036CAD8 /* Release */ = {
			isa = XCBuildConfiguration;
			buildSettings = {
				CODE_SIGN_STYLE = Automatic;
				CURRENT_PROJECT_VERSION = 1;
				DEVELOPMENT_TEAM = PMEDFW438U;
				GENERATE_INFOPLIST_FILE = YES;
				INFOPLIST_FILE = Keyboard/Info.plist;
				INFOPLIST_KEY_CFBundleDisplayName = Keyboard;
				INFOPLIST_KEY_NSHumanReadableCopyright = "";
				LD_RUNPATH_SEARCH_PATHS = (
					"$(inherited)",
					"@executable_path/Frameworks",
					"@executable_path/../../Frameworks",
				);
				MARKETING_VERSION = 1.0;
				PRODUCT_BUNDLE_IDENTIFIER = com.keyboardkit.demo.keyboard;
				PRODUCT_NAME = "$(TARGET_NAME)";
				SKIP_INSTALL = YES;
				SWIFT_EMIT_LOC_STRINGS = YES;
				SWIFT_VERSION = 5.0;
				TARGETED_DEVICE_FAMILY = "1,2";
			};
			name = Release;
		};
/* End XCBuildConfiguration section */

/* Begin XCConfigurationList section */
		A91138F7294693A70036CAD8 /* Build configuration list for PBXProject "FullDocumentContextTest" */ = {
			isa = XCConfigurationList;
			buildConfigurations = (
				A9113908294693A80036CAD8 /* Debug */,
				A9113909294693A80036CAD8 /* Release */,
			);
			defaultConfigurationIsVisible = 0;
			defaultConfigurationName = Release;
		};
		A911390A294693A80036CAD8 /* Build configuration list for PBXNativeTarget "FullDocumentContextTest" */ = {
			isa = XCConfigurationList;
			buildConfigurations = (
				A911390B294693A80036CAD8 /* Debug */,
				A911390C294693A80036CAD8 /* Release */,
			);
			defaultConfigurationIsVisible = 0;
			defaultConfigurationName = Release;
		};
		A911391C294694010036CAD8 /* Build configuration list for PBXNativeTarget "Keyboard" */ = {
			isa = XCConfigurationList;
			buildConfigurations = (
				A911391A294694010036CAD8 /* Debug */,
				A911391B294694010036CAD8 /* Release */,
			);
			defaultConfigurationIsVisible = 0;
			defaultConfigurationName = Release;
		};
/* End XCConfigurationList section */

/* Begin XCRemoteSwiftPackageReference section */
		A9DD80612962E8FE0007A904 /* XCRemoteSwiftPackageReference "KeyboardKitPro" */ = {
			isa = XCRemoteSwiftPackageReference;
			repositoryURL = "https://github.com/KeyboardKit/KeyboardKitPro.git";
			requirement = {
				kind = upToNextMajorVersion;
				minimumVersion = 6.8.0;
			};
		};
/* End XCRemoteSwiftPackageReference section */

/* Begin XCSwiftPackageProductDependency section */
		A9DD80622962E8FE0007A904 /* KeyboardKitPro */ = {
			isa = XCSwiftPackageProductDependency;
			package = A9DD80612962E8FE0007A904 /* XCRemoteSwiftPackageReference "KeyboardKitPro" */;
			productName = KeyboardKitPro;
		};
/* End XCSwiftPackageProductDependency section */
	};
	rootObject = A91138F4294693A70036CAD8 /* Project object */;
}
