{
  "object": {
    "pins": [
      {
        "package": "KeyboardKit",
        "repositoryURL": "https://github.com/danielsaidi/KeyboardKit",
        "state": {
          "branch": "master",
          "revision": "bb180e60862f47a20fe752c6728e5f8b3903c7a4",
          "version": null
        }
      }
    ]
  },
  "version": 1
}
