// !$*UTF8*$!
{
	archiveVersion = 1;
	classes = {
	};
	objectVersion = 52;
	objects = {

/* Begin PBXAggregateTarget section */
		"KeyboardKit::KeyboardKitPackageTests::ProductTarget" /* KeyboardKitPackageTests */ = {
			isa = PBXAggregateTarget;
			buildConfigurationList = OBJ_314 /* Build configuration list for PBXAggregateTarget "KeyboardKitPackageTests" */;
			buildPhases = (
			);
			dependencies = (
				OBJ_317 /* PBXTargetDependency */,
			);
			name = KeyboardKitPackageTests;
			productName = KeyboardKitPackageTests;
		};
/* End PBXAggregateTarget section */

/* Begin PBXBuildFile section */
		8441DB4B2343B1A600338DAD /* Quick in Frameworks */ = {isa = PBXBuildFile; productRef = 8441DB4A2343B1A600338DAD /* Quick */; };
		8441DB4E2343B1C000338DAD /* Nimble in Frameworks */ = {isa = PBXBuildFile; productRef = 8441DB4D2343B1C000338DAD /* Nimble */; };
		8441DB512343B1E900338DAD /* Mockery in Frameworks */ = {isa = PBXBuildFile; productRef = 8441DB502343B1E900338DAD /* Mockery */; };
		OBJ_253 /* KeyboardAction.swift in Sources */ = {isa = PBXBuildFile; fileRef = OBJ_10 /* KeyboardAction.swift */; };
		OBJ_254 /* KeyboardActionHandler.swift in Sources */ = {isa = PBXBuildFile; fileRef = OBJ_11 /* KeyboardActionHandler.swift */; };
		OBJ_255 /* KeyboardActionRow.swift in Sources */ = {isa = PBXBuildFile; fileRef = OBJ_12 /* KeyboardActionRow.swift */; };
		OBJ_256 /* KeyboardActionRows.swift in Sources */ = {isa = PBXBuildFile; fileRef = OBJ_13 /* KeyboardActionRows.swift */; };
		OBJ_257 /* StandardKeyboardActionHandler.swift in Sources */ = {isa = PBXBuildFile; fileRef = OBJ_14 /* StandardKeyboardActionHandler.swift */; };
		OBJ_258 /* KeyboardAlert.swift in Sources */ = {isa = PBXBuildFile; fileRef = OBJ_16 /* KeyboardAlert.swift */; };
		OBJ_259 /* ToastAlert.swift in Sources */ = {isa = PBXBuildFile; fileRef = OBJ_17 /* ToastAlert.swift */; };
		OBJ_260 /* AutocompleteBugFixTimer.swift in Sources */ = {isa = PBXBuildFile; fileRef = OBJ_19 /* AutocompleteBugFixTimer.swift */; };
		OBJ_261 /* AutocompleteSuggestionProvider.swift in Sources */ = {isa = PBXBuildFile; fileRef = OBJ_20 /* AutocompleteSuggestionProvider.swift */; };
		OBJ_262 /* UIInputViewController+AutocompleteBugFixTimer.swift in Sources */ = {isa = PBXBuildFile; fileRef = OBJ_21 /* UIInputViewController+AutocompleteBugFixTimer.swift */; };
		OBJ_263 /* HorizontalKeyboardComponent.swift in Sources */ = {isa = PBXBuildFile; fileRef = OBJ_23 /* HorizontalKeyboardComponent.swift */; };
		OBJ_264 /* KeyboardButton.swift in Sources */ = {isa = PBXBuildFile; fileRef = OBJ_24 /* KeyboardButton.swift */; };
		OBJ_265 /* KeyboardButtonRowComponent.swift in Sources */ = {isa = PBXBuildFile; fileRef = OBJ_25 /* KeyboardButtonRowComponent.swift */; };
		OBJ_266 /* KeyboardStackViewComponent.swift in Sources */ = {isa = PBXBuildFile; fileRef = OBJ_26 /* KeyboardStackViewComponent.swift */; };
		OBJ_267 /* KeyboardToolbarComponent.swift in Sources */ = {isa = PBXBuildFile; fileRef = OBJ_27 /* KeyboardToolbarComponent.swift */; };
		OBJ_268 /* PagedKeyboardComponent.swift in Sources */ = {isa = PBXBuildFile; fileRef = OBJ_28 /* PagedKeyboardComponent.swift */; };
		OBJ_269 /* VerticalKeyboardComponent.swift in Sources */ = {isa = PBXBuildFile; fileRef = OBJ_29 /* VerticalKeyboardComponent.swift */; };
		OBJ_270 /* Array+Appending.swift in Sources */ = {isa = PBXBuildFile; fileRef = OBJ_31 /* Array+Appending.swift */; };
		OBJ_271 /* CGFloat+KeyboardDimensions.swift in Sources */ = {isa = PBXBuildFile; fileRef = OBJ_32 /* CGFloat+KeyboardDimensions.swift */; };
		OBJ_272 /* Sequence+Batch.swift in Sources */ = {isa = PBXBuildFile; fileRef = OBJ_33 /* Sequence+Batch.swift */; };
		OBJ_273 /* String+Uppercased.swift in Sources */ = {isa = PBXBuildFile; fileRef = OBJ_34 /* String+Uppercased.swift */; };
		OBJ_274 /* UIColor+TappableClear.swift in Sources */ = {isa = PBXBuildFile; fileRef = OBJ_35 /* UIColor+TappableClear.swift */; };
		OBJ_275 /* UIImage+Pasteboard.swift in Sources */ = {isa = PBXBuildFile; fileRef = OBJ_36 /* UIImage+Pasteboard.swift */; };
		OBJ_276 /* UIImage+Photos.swift in Sources */ = {isa = PBXBuildFile; fileRef = OBJ_37 /* UIImage+Photos.swift */; };
		OBJ_277 /* UIImage+Resized.swift in Sources */ = {isa = PBXBuildFile; fileRef = OBJ_38 /* UIImage+Resized.swift */; };
		OBJ_278 /* UIImage+Tinted.swift in Sources */ = {isa = PBXBuildFile; fileRef = OBJ_39 /* UIImage+Tinted.swift */; };
		OBJ_279 /* UIScrollView+PageNumber.swift in Sources */ = {isa = PBXBuildFile; fileRef = OBJ_40 /* UIScrollView+PageNumber.swift */; };
		OBJ_280 /* UIStackView+Subviews.swift in Sources */ = {isa = PBXBuildFile; fileRef = OBJ_41 /* UIStackView+Subviews.swift */; };
		OBJ_281 /* UITextDocumentProxy+CurrentWord.swift in Sources */ = {isa = PBXBuildFile; fileRef = OBJ_42 /* UITextDocumentProxy+CurrentWord.swift */; };
		OBJ_282 /* UITextDocumentProxy+Delete.swift in Sources */ = {isa = PBXBuildFile; fileRef = OBJ_43 /* UITextDocumentProxy+Delete.swift */; };
		OBJ_283 /* UIView+Nib.swift in Sources */ = {isa = PBXBuildFile; fileRef = OBJ_44 /* UIView+Nib.swift */; };
		OBJ_284 /* UIView+Subviews.swift in Sources */ = {isa = PBXBuildFile; fileRef = OBJ_45 /* UIView+Subviews.swift */; };
		OBJ_285 /* UIViewAutoresizing+Extras.swift in Sources */ = {isa = PBXBuildFile; fileRef = OBJ_46 /* UIViewAutoresizing+Extras.swift */; };
		OBJ_286 /* RepeatingGestureRecognizer.swift in Sources */ = {isa = PBXBuildFile; fileRef = OBJ_48 /* RepeatingGestureRecognizer.swift */; };
		OBJ_287 /* UIView+LongPressAction.swift in Sources */ = {isa = PBXBuildFile; fileRef = OBJ_49 /* UIView+LongPressAction.swift */; };
		OBJ_288 /* UIView+RepeatingAction.swift in Sources */ = {isa = PBXBuildFile; fileRef = OBJ_50 /* UIView+RepeatingAction.swift */; };
		OBJ_289 /* UIView+TapAction.swift in Sources */ = {isa = PBXBuildFile; fileRef = OBJ_51 /* UIView+TapAction.swift */; };
		OBJ_290 /* HapticFeedback+Keyboard.swift in Sources */ = {isa = PBXBuildFile; fileRef = OBJ_53 /* HapticFeedback+Keyboard.swift */; };
		OBJ_291 /* HapticFeedback.swift in Sources */ = {isa = PBXBuildFile; fileRef = OBJ_54 /* HapticFeedback.swift */; };
		OBJ_292 /* KeyboardInputViewController.swift in Sources */ = {isa = PBXBuildFile; fileRef = OBJ_56 /* KeyboardInputViewController.swift */; };
		OBJ_293 /* KeyboardSetting.swift in Sources */ = {isa = PBXBuildFile; fileRef = OBJ_57 /* KeyboardSetting.swift */; };
		OBJ_294 /* KeyboardShiftState.swift in Sources */ = {isa = PBXBuildFile; fileRef = OBJ_58 /* KeyboardShiftState.swift */; };
		OBJ_295 /* KeyboardType.swift in Sources */ = {isa = PBXBuildFile; fileRef = OBJ_59 /* KeyboardType.swift */; };
		OBJ_296 /* Shadow.swift in Sources */ = {isa = PBXBuildFile; fileRef = OBJ_61 /* Shadow.swift */; };
		OBJ_297 /* UIView+Shadow.swift in Sources */ = {isa = PBXBuildFile; fileRef = OBJ_62 /* UIView+Shadow.swift */; };
		OBJ_298 /* KeyboardButtonCollectionView.swift in Sources */ = {isa = PBXBuildFile; fileRef = OBJ_65 /* KeyboardButtonCollectionView.swift */; };
		OBJ_299 /* KeyboardButtonRowCollectionView.swift in Sources */ = {isa = PBXBuildFile; fileRef = OBJ_66 /* KeyboardButtonRowCollectionView.swift */; };
		OBJ_300 /* KeyboardCollectionView.swift in Sources */ = {isa = PBXBuildFile; fileRef = OBJ_67 /* KeyboardCollectionView.swift */; };
		OBJ_301 /* KeyboardButtonRow.swift in Sources */ = {isa = PBXBuildFile; fileRef = OBJ_68 /* KeyboardButtonRow.swift */; };
		OBJ_302 /* KeyboardButtonView.swift in Sources */ = {isa = PBXBuildFile; fileRef = OBJ_69 /* KeyboardButtonView.swift */; };
		OBJ_303 /* KeyboardSpacerView.swift in Sources */ = {isa = PBXBuildFile; fileRef = OBJ_70 /* KeyboardSpacerView.swift */; };
		OBJ_304 /* AutocompleteToolbar.swift in Sources */ = {isa = PBXBuildFile; fileRef = OBJ_72 /* AutocompleteToolbar.swift */; };
		OBJ_305 /* KeyboardToolbar.swift in Sources */ = {isa = PBXBuildFile; fileRef = OBJ_73 /* KeyboardToolbar.swift */; };
		OBJ_312 /* Package.swift in Sources */ = {isa = PBXBuildFile; fileRef = OBJ_6 /* Package.swift */; };
		OBJ_323 /* KeyboardActionRowTest.swift in Sources */ = {isa = PBXBuildFile; fileRef = OBJ_77 /* KeyboardActionRowTest.swift */; };
		OBJ_324 /* KeyboardActionRowsTests.swift in Sources */ = {isa = PBXBuildFile; fileRef = OBJ_78 /* KeyboardActionRowsTests.swift */; };
		OBJ_325 /* KeyboardActionTests.swift in Sources */ = {isa = PBXBuildFile; fileRef = OBJ_79 /* KeyboardActionTests.swift */; };
		OBJ_326 /* StandardKeyboardActionHandlerTests.swift in Sources */ = {isa = PBXBuildFile; fileRef = OBJ_80 /* StandardKeyboardActionHandlerTests.swift */; };
		OBJ_327 /* ToastAlertTests.swift in Sources */ = {isa = PBXBuildFile; fileRef = OBJ_82 /* ToastAlertTests.swift */; };
		OBJ_328 /* HorizontalKeyboardComponentTests.swift in Sources */ = {isa = PBXBuildFile; fileRef = OBJ_84 /* HorizontalKeyboardComponentTests.swift */; };
		OBJ_329 /* PagedKeyboardComponentTests.swift in Sources */ = {isa = PBXBuildFile; fileRef = OBJ_85 /* PagedKeyboardComponentTests.swift */; };
		OBJ_330 /* VerticalKeyboardComponentTests.swift in Sources */ = {isa = PBXBuildFile; fileRef = OBJ_86 /* VerticalKeyboardComponentTests.swift */; };
		OBJ_331 /* Array+AppendingTests.swift in Sources */ = {isa = PBXBuildFile; fileRef = OBJ_88 /* Array+AppendingTests.swift */; };
		OBJ_332 /* CGFloat+KeyboardTests.swift in Sources */ = {isa = PBXBuildFile; fileRef = OBJ_89 /* CGFloat+KeyboardTests.swift */; };
		OBJ_333 /* Sequence+BatchTests.swift in Sources */ = {isa = PBXBuildFile; fileRef = OBJ_90 /* Sequence+BatchTests.swift */; };
		OBJ_334 /* String+UppercasedTests.swift in Sources */ = {isa = PBXBuildFile; fileRef = OBJ_91 /* String+UppercasedTests.swift */; };
		OBJ_335 /* UIImage+PasteboardTests.swift in Sources */ = {isa = PBXBuildFile; fileRef = OBJ_92 /* UIImage+PasteboardTests.swift */; };
		OBJ_336 /* UIImage+ResizedTests.swift in Sources */ = {isa = PBXBuildFile; fileRef = OBJ_93 /* UIImage+ResizedTests.swift */; };
		OBJ_337 /* UIImage+TintedTests.swift in Sources */ = {isa = PBXBuildFile; fileRef = OBJ_94 /* UIImage+TintedTests.swift */; };
		OBJ_338 /* UIStackView+SubviewsTests.swift in Sources */ = {isa = PBXBuildFile; fileRef = OBJ_95 /* UIStackView+SubviewsTests.swift */; };
		OBJ_339 /* UITextDocumentProxy+CurrentWordTests.swift in Sources */ = {isa = PBXBuildFile; fileRef = OBJ_96 /* UITextDocumentProxy+CurrentWordTests.swift */; };
		OBJ_340 /* UITextDocumentProxy+DeleteTests.swift in Sources */ = {isa = PBXBuildFile; fileRef = OBJ_97 /* UITextDocumentProxy+DeleteTests.swift */; };
		OBJ_341 /* UIView+NibTests.swift in Sources */ = {isa = PBXBuildFile; fileRef = OBJ_98 /* UIView+NibTests.swift */; };
		OBJ_342 /* UIView+SubviewsTests.swift in Sources */ = {isa = PBXBuildFile; fileRef = OBJ_99 /* UIView+SubviewsTests.swift */; };
		OBJ_343 /* UIViewAutoresizing+ExtrasTests.swift in Sources */ = {isa = PBXBuildFile; fileRef = OBJ_100 /* UIViewAutoresizing+ExtrasTests.swift */; };
		OBJ_344 /* RepeatingGestureRecognizerTests.swift in Sources */ = {isa = PBXBuildFile; fileRef = OBJ_102 /* RepeatingGestureRecognizerTests.swift */; };
		OBJ_345 /* UIView+LongPressActionTests.swift in Sources */ = {isa = PBXBuildFile; fileRef = OBJ_103 /* UIView+LongPressActionTests.swift */; };
		OBJ_346 /* UIView+RepeatingActionTests.swift in Sources */ = {isa = PBXBuildFile; fileRef = OBJ_104 /* UIView+RepeatingActionTests.swift */; };
		OBJ_347 /* UIView+TapActionTests.swift in Sources */ = {isa = PBXBuildFile; fileRef = OBJ_105 /* UIView+TapActionTests.swift */; };
		OBJ_348 /* HapticFeedback+KeyboardTests.swift in Sources */ = {isa = PBXBuildFile; fileRef = OBJ_107 /* HapticFeedback+KeyboardTests.swift */; };
		OBJ_349 /* KeyboardInputViewControllerTests.swift in Sources */ = {isa = PBXBuildFile; fileRef = OBJ_109 /* KeyboardInputViewControllerTests.swift */; };
		OBJ_350 /* KeyboardSettingTests.swift in Sources */ = {isa = PBXBuildFile; fileRef = OBJ_110 /* KeyboardSettingTests.swift */; };
		OBJ_351 /* KeyboardShiftStateTests.swift in Sources */ = {isa = PBXBuildFile; fileRef = OBJ_111 /* KeyboardShiftStateTests.swift */; };
		OBJ_352 /* MockCollectionViewLayout.swift in Sources */ = {isa = PBXBuildFile; fileRef = OBJ_113 /* MockCollectionViewLayout.swift */; };
		OBJ_353 /* MockInputViewController.swift in Sources */ = {isa = PBXBuildFile; fileRef = OBJ_114 /* MockInputViewController.swift */; };
		OBJ_354 /* MockKeyboardActionHandler.swift in Sources */ = {isa = PBXBuildFile; fileRef = OBJ_115 /* MockKeyboardActionHandler.swift */; };
		OBJ_355 /* MockKeyboardInputViewController.swift in Sources */ = {isa = PBXBuildFile; fileRef = OBJ_116 /* MockKeyboardInputViewController.swift */; };
		OBJ_356 /* MockPasteboard.swift in Sources */ = {isa = PBXBuildFile; fileRef = OBJ_117 /* MockPasteboard.swift */; };
		OBJ_357 /* MockTextDocumentProxy.swift in Sources */ = {isa = PBXBuildFile; fileRef = OBJ_118 /* MockTextDocumentProxy.swift */; };
		OBJ_358 /* UIView+ShadowTests.swift in Sources */ = {isa = PBXBuildFile; fileRef = OBJ_120 /* UIView+ShadowTests.swift */; };
		OBJ_359 /* KeyboardButtonCollectionViewTests.swift in Sources */ = {isa = PBXBuildFile; fileRef = OBJ_123 /* KeyboardButtonCollectionViewTests.swift */; };
		OBJ_360 /* KeyboardButtonRowCollectionViewTests.swift in Sources */ = {isa = PBXBuildFile; fileRef = OBJ_124 /* KeyboardButtonRowCollectionViewTests.swift */; };
		OBJ_361 /* KeyboardCollectionViewTests.swift in Sources */ = {isa = PBXBuildFile; fileRef = OBJ_125 /* KeyboardCollectionViewTests.swift */; };
		OBJ_362 /* KeyboardButtonRowTests.swift in Sources */ = {isa = PBXBuildFile; fileRef = OBJ_126 /* KeyboardButtonRowTests.swift */; };
		OBJ_363 /* KeyboardButtonViewTests.swift in Sources */ = {isa = PBXBuildFile; fileRef = OBJ_127 /* KeyboardButtonViewTests.swift */; };
		OBJ_364 /* KeyboardSpacerViewTests.swift in Sources */ = {isa = PBXBuildFile; fileRef = OBJ_128 /* KeyboardSpacerViewTests.swift */; };
		OBJ_365 /* KeyboardToolbarTests.swift in Sources */ = {isa = PBXBuildFile; fileRef = OBJ_130 /* KeyboardToolbarTests.swift */; };
		OBJ_366 /* XCTestManifests.swift in Sources */ = {isa = PBXBuildFile; fileRef = OBJ_131 /* XCTestManifests.swift */; };
		OBJ_372 /* KeyboardKit.framework in Frameworks */ = {isa = PBXBuildFile; fileRef = "KeyboardKit::KeyboardKit::Product" /* KeyboardKit.framework */; };
/* End PBXBuildFile section */

/* Begin PBXContainerItemProxy section */
		8441DB472343B0C200338DAD /* PBXContainerItemProxy */ = {
			isa = PBXContainerItemProxy;
			containerPortal = OBJ_1 /* Project object */;
			proxyType = 1;
			remoteGlobalIDString = "KeyboardKit::KeyboardKit";
			remoteInfo = KeyboardKit;
		};
		8441DB482343B0C300338DAD /* PBXContainerItemProxy */ = {
			isa = PBXContainerItemProxy;
			containerPortal = OBJ_1 /* Project object */;
			proxyType = 1;
			remoteGlobalIDString = "KeyboardKit::KeyboardKitTests";
			remoteInfo = KeyboardKitTests;
		};
/* End PBXContainerItemProxy section */

/* Begin PBXFileReference section */
		8441DB5A2343B28E00338DAD /* .gitignore */ = {isa = PBXFileReference; lastKnownFileType = text; path = .gitignore; sourceTree = "<group>"; };
		8441DB5B2343B28E00338DAD /* .swift-version */ = {isa = PBXFileReference; lastKnownFileType = text; path = ".swift-version"; sourceTree = "<group>"; };
		8441DB5C2343B28E00338DAD /* .swiftlint.yml */ = {isa = PBXFileReference; lastKnownFileType = text.yaml; path = .swiftlint.yml; sourceTree = "<group>"; };
		8441DB5D2343B2A800338DAD /* Fastfile */ = {isa = PBXFileReference; lastKnownFileType = text; name = Fastfile; path = Fastlane/Fastfile; sourceTree = "<group>"; };
		"KeyboardKit::KeyboardKit::Product" /* KeyboardKit.framework */ = {isa = PBXFileReference; explicitFileType = wrapper.framework; path = KeyboardKit.framework; sourceTree = BUILT_PRODUCTS_DIR; };
		"KeyboardKit::KeyboardKitTests::Product" /* KeyboardKitTests.xctest */ = {isa = PBXFileReference; lastKnownFileType = file; path = KeyboardKitTests.xctest; sourceTree = BUILT_PRODUCTS_DIR; };
		OBJ_10 /* KeyboardAction.swift */ = {isa = PBXFileReference; lastKnownFileType = sourcecode.swift; path = KeyboardAction.swift; sourceTree = "<group>"; };
		OBJ_100 /* UIViewAutoresizing+ExtrasTests.swift */ = {isa = PBXFileReference; lastKnownFileType = sourcecode.swift; path = "UIViewAutoresizing+ExtrasTests.swift"; sourceTree = "<group>"; };
		OBJ_102 /* RepeatingGestureRecognizerTests.swift */ = {isa = PBXFileReference; lastKnownFileType = sourcecode.swift; path = RepeatingGestureRecognizerTests.swift; sourceTree = "<group>"; };
		OBJ_103 /* UIView+LongPressActionTests.swift */ = {isa = PBXFileReference; lastKnownFileType = sourcecode.swift; path = "UIView+LongPressActionTests.swift"; sourceTree = "<group>"; };
		OBJ_104 /* UIView+RepeatingActionTests.swift */ = {isa = PBXFileReference; lastKnownFileType = sourcecode.swift; path = "UIView+RepeatingActionTests.swift"; sourceTree = "<group>"; };
		OBJ_105 /* UIView+TapActionTests.swift */ = {isa = PBXFileReference; lastKnownFileType = sourcecode.swift; path = "UIView+TapActionTests.swift"; sourceTree = "<group>"; };
		OBJ_107 /* HapticFeedback+KeyboardTests.swift */ = {isa = PBXFileReference; lastKnownFileType = sourcecode.swift; path = "HapticFeedback+KeyboardTests.swift"; sourceTree = "<group>"; };
		OBJ_109 /* KeyboardInputViewControllerTests.swift */ = {isa = PBXFileReference; lastKnownFileType = sourcecode.swift; path = KeyboardInputViewControllerTests.swift; sourceTree = "<group>"; };
		OBJ_11 /* KeyboardActionHandler.swift */ = {isa = PBXFileReference; lastKnownFileType = sourcecode.swift; path = KeyboardActionHandler.swift; sourceTree = "<group>"; };
		OBJ_110 /* KeyboardSettingTests.swift */ = {isa = PBXFileReference; lastKnownFileType = sourcecode.swift; path = KeyboardSettingTests.swift; sourceTree = "<group>"; };
		OBJ_111 /* KeyboardShiftStateTests.swift */ = {isa = PBXFileReference; lastKnownFileType = sourcecode.swift; path = KeyboardShiftStateTests.swift; sourceTree = "<group>"; };
		OBJ_113 /* MockCollectionViewLayout.swift */ = {isa = PBXFileReference; lastKnownFileType = sourcecode.swift; path = MockCollectionViewLayout.swift; sourceTree = "<group>"; };
		OBJ_114 /* MockInputViewController.swift */ = {isa = PBXFileReference; lastKnownFileType = sourcecode.swift; path = MockInputViewController.swift; sourceTree = "<group>"; };
		OBJ_115 /* MockKeyboardActionHandler.swift */ = {isa = PBXFileReference; lastKnownFileType = sourcecode.swift; path = MockKeyboardActionHandler.swift; sourceTree = "<group>"; };
		OBJ_116 /* MockKeyboardInputViewController.swift */ = {isa = PBXFileReference; lastKnownFileType = sourcecode.swift; path = MockKeyboardInputViewController.swift; sourceTree = "<group>"; };
		OBJ_117 /* MockPasteboard.swift */ = {isa = PBXFileReference; lastKnownFileType = sourcecode.swift; path = MockPasteboard.swift; sourceTree = "<group>"; };
		OBJ_118 /* MockTextDocumentProxy.swift */ = {isa = PBXFileReference; lastKnownFileType = sourcecode.swift; path = MockTextDocumentProxy.swift; sourceTree = "<group>"; };
		OBJ_12 /* KeyboardActionRow.swift */ = {isa = PBXFileReference; lastKnownFileType = sourcecode.swift; path = KeyboardActionRow.swift; sourceTree = "<group>"; };
		OBJ_120 /* UIView+ShadowTests.swift */ = {isa = PBXFileReference; lastKnownFileType = sourcecode.swift; path = "UIView+ShadowTests.swift"; sourceTree = "<group>"; };
		OBJ_123 /* KeyboardButtonCollectionViewTests.swift */ = {isa = PBXFileReference; lastKnownFileType = sourcecode.swift; path = KeyboardButtonCollectionViewTests.swift; sourceTree = "<group>"; };
		OBJ_124 /* KeyboardButtonRowCollectionViewTests.swift */ = {isa = PBXFileReference; lastKnownFileType = sourcecode.swift; path = KeyboardButtonRowCollectionViewTests.swift; sourceTree = "<group>"; };
		OBJ_125 /* KeyboardCollectionViewTests.swift */ = {isa = PBXFileReference; lastKnownFileType = sourcecode.swift; path = KeyboardCollectionViewTests.swift; sourceTree = "<group>"; };
		OBJ_126 /* KeyboardButtonRowTests.swift */ = {isa = PBXFileReference; lastKnownFileType = sourcecode.swift; path = KeyboardButtonRowTests.swift; sourceTree = "<group>"; };
		OBJ_127 /* KeyboardButtonViewTests.swift */ = {isa = PBXFileReference; lastKnownFileType = sourcecode.swift; path = KeyboardButtonViewTests.swift; sourceTree = "<group>"; };
		OBJ_128 /* KeyboardSpacerViewTests.swift */ = {isa = PBXFileReference; lastKnownFileType = sourcecode.swift; path = KeyboardSpacerViewTests.swift; sourceTree = "<group>"; };
		OBJ_13 /* KeyboardActionRows.swift */ = {isa = PBXFileReference; lastKnownFileType = sourcecode.swift; path = KeyboardActionRows.swift; sourceTree = "<group>"; };
		OBJ_130 /* KeyboardToolbarTests.swift */ = {isa = PBXFileReference; lastKnownFileType = sourcecode.swift; path = KeyboardToolbarTests.swift; sourceTree = "<group>"; };
		OBJ_131 /* XCTestManifests.swift */ = {isa = PBXFileReference; lastKnownFileType = sourcecode.swift; path = XCTestManifests.swift; sourceTree = "<group>"; };
		OBJ_135 /* Escaping.swift */ = {isa = PBXFileReference; lastKnownFileType = sourcecode.swift; path = Escaping.swift; sourceTree = "<group>"; };
		OBJ_136 /* Execution.swift */ = {isa = PBXFileReference; lastKnownFileType = sourcecode.swift; path = Execution.swift; sourceTree = "<group>"; };
		OBJ_137 /* Mock.swift */ = {isa = PBXFileReference; lastKnownFileType = sourcecode.swift; path = Mock.swift; sourceTree = "<group>"; };
		OBJ_138 /* Package.swift */ = {isa = PBXFileReference; explicitFileType = sourcecode.swift; name = Package.swift; path = /Users/admin/Projects/KeyboardKit/.build/checkouts/Mockery/Package.swift; sourceTree = "<group>"; };
		OBJ_14 /* StandardKeyboardActionHandler.swift */ = {isa = PBXFileReference; lastKnownFileType = sourcecode.swift; path = StandardKeyboardActionHandler.swift; sourceTree = "<group>"; };
		OBJ_141 /* Behavior.swift */ = {isa = PBXFileReference; lastKnownFileType = sourcecode.swift; path = Behavior.swift; sourceTree = "<group>"; };
		OBJ_142 /* Callsite.swift */ = {isa = PBXFileReference; lastKnownFileType = sourcecode.swift; path = Callsite.swift; sourceTree = "<group>"; };
		OBJ_144 /* Configuration.swift */ = {isa = PBXFileReference; lastKnownFileType = sourcecode.swift; path = Configuration.swift; sourceTree = "<group>"; };
		OBJ_145 /* QuickConfiguration.swift */ = {isa = PBXFileReference; lastKnownFileType = sourcecode.swift; path = QuickConfiguration.swift; sourceTree = "<group>"; };
		OBJ_147 /* DSL.swift */ = {isa = PBXFileReference; lastKnownFileType = sourcecode.swift; path = DSL.swift; sourceTree = "<group>"; };
		OBJ_148 /* World+DSL.swift */ = {isa = PBXFileReference; lastKnownFileType = sourcecode.swift; path = "World+DSL.swift"; sourceTree = "<group>"; };
		OBJ_149 /* ErrorUtility.swift */ = {isa = PBXFileReference; lastKnownFileType = sourcecode.swift; path = ErrorUtility.swift; sourceTree = "<group>"; };
		OBJ_150 /* Example.swift */ = {isa = PBXFileReference; lastKnownFileType = sourcecode.swift; path = Example.swift; sourceTree = "<group>"; };
		OBJ_151 /* ExampleGroup.swift */ = {isa = PBXFileReference; lastKnownFileType = sourcecode.swift; path = ExampleGroup.swift; sourceTree = "<group>"; };
		OBJ_152 /* ExampleMetadata.swift */ = {isa = PBXFileReference; lastKnownFileType = sourcecode.swift; path = ExampleMetadata.swift; sourceTree = "<group>"; };
		OBJ_153 /* Filter.swift */ = {isa = PBXFileReference; lastKnownFileType = sourcecode.swift; path = Filter.swift; sourceTree = "<group>"; };
		OBJ_155 /* Closures.swift */ = {isa = PBXFileReference; lastKnownFileType = sourcecode.swift; path = Closures.swift; sourceTree = "<group>"; };
		OBJ_156 /* ExampleHooks.swift */ = {isa = PBXFileReference; lastKnownFileType = sourcecode.swift; path = ExampleHooks.swift; sourceTree = "<group>"; };
		OBJ_157 /* HooksPhase.swift */ = {isa = PBXFileReference; lastKnownFileType = sourcecode.swift; path = HooksPhase.swift; sourceTree = "<group>"; };
		OBJ_158 /* SuiteHooks.swift */ = {isa = PBXFileReference; lastKnownFileType = sourcecode.swift; path = SuiteHooks.swift; sourceTree = "<group>"; };
		OBJ_159 /* NSBundle+CurrentTestBundle.swift */ = {isa = PBXFileReference; lastKnownFileType = sourcecode.swift; path = "NSBundle+CurrentTestBundle.swift"; sourceTree = "<group>"; };
		OBJ_16 /* KeyboardAlert.swift */ = {isa = PBXFileReference; lastKnownFileType = sourcecode.swift; path = KeyboardAlert.swift; sourceTree = "<group>"; };
		OBJ_160 /* QuickMain.swift */ = {isa = PBXFileReference; lastKnownFileType = sourcecode.swift; path = QuickMain.swift; sourceTree = "<group>"; };
		OBJ_161 /* QuickSelectedTestSuiteBuilder.swift */ = {isa = PBXFileReference; lastKnownFileType = sourcecode.swift; path = QuickSelectedTestSuiteBuilder.swift; sourceTree = "<group>"; };
		OBJ_162 /* QuickSpec.swift */ = {isa = PBXFileReference; lastKnownFileType = sourcecode.swift; path = QuickSpec.swift; sourceTree = "<group>"; };
		OBJ_163 /* QuickTestSuite.swift */ = {isa = PBXFileReference; lastKnownFileType = sourcecode.swift; path = QuickTestSuite.swift; sourceTree = "<group>"; };
		OBJ_164 /* String+C99ExtendedIdentifier.swift */ = {isa = PBXFileReference; lastKnownFileType = sourcecode.swift; path = "String+C99ExtendedIdentifier.swift"; sourceTree = "<group>"; };
		OBJ_165 /* URL+FileName.swift */ = {isa = PBXFileReference; lastKnownFileType = sourcecode.swift; path = "URL+FileName.swift"; sourceTree = "<group>"; };
		OBJ_166 /* World.swift */ = {isa = PBXFileReference; lastKnownFileType = sourcecode.swift; path = World.swift; sourceTree = "<group>"; };
		OBJ_168 /* QuickSpecBase.m */ = {isa = PBXFileReference; lastKnownFileType = sourcecode.c.objc; path = QuickSpecBase.m; sourceTree = "<group>"; };
		OBJ_17 /* ToastAlert.swift */ = {isa = PBXFileReference; lastKnownFileType = sourcecode.swift; path = ToastAlert.swift; sourceTree = "<group>"; };
		OBJ_170 /* QuickSpecBase.h */ = {isa = PBXFileReference; lastKnownFileType = sourcecode.c.h; path = QuickSpecBase.h; sourceTree = "<group>"; };
		OBJ_171 /* Package.swift */ = {isa = PBXFileReference; explicitFileType = sourcecode.swift; name = Package.swift; path = /Users/admin/Projects/KeyboardKit/.build/checkouts/Quick/Package.swift; sourceTree = "<group>"; };
		OBJ_175 /* AdapterProtocols.swift */ = {isa = PBXFileReference; lastKnownFileType = sourcecode.swift; path = AdapterProtocols.swift; sourceTree = "<group>"; };
		OBJ_176 /* AssertionDispatcher.swift */ = {isa = PBXFileReference; lastKnownFileType = sourcecode.swift; path = AssertionDispatcher.swift; sourceTree = "<group>"; };
		OBJ_177 /* AssertionRecorder.swift */ = {isa = PBXFileReference; lastKnownFileType = sourcecode.swift; path = AssertionRecorder.swift; sourceTree = "<group>"; };
		OBJ_178 /* NMBExpectation.swift */ = {isa = PBXFileReference; lastKnownFileType = sourcecode.swift; path = NMBExpectation.swift; sourceTree = "<group>"; };
		OBJ_179 /* NMBObjCMatcher.swift */ = {isa = PBXFileReference; lastKnownFileType = sourcecode.swift; path = NMBObjCMatcher.swift; sourceTree = "<group>"; };
		OBJ_180 /* NimbleEnvironment.swift */ = {isa = PBXFileReference; lastKnownFileType = sourcecode.swift; path = NimbleEnvironment.swift; sourceTree = "<group>"; };
		OBJ_181 /* NimbleXCTestHandler.swift */ = {isa = PBXFileReference; lastKnownFileType = sourcecode.swift; path = NimbleXCTestHandler.swift; sourceTree = "<group>"; };
		OBJ_183 /* ExceptionCapture.swift */ = {isa = PBXFileReference; lastKnownFileType = sourcecode.swift; path = ExceptionCapture.swift; sourceTree = "<group>"; };
		OBJ_184 /* DSL+Wait.swift */ = {isa = PBXFileReference; lastKnownFileType = sourcecode.swift; path = "DSL+Wait.swift"; sourceTree = "<group>"; };
		OBJ_185 /* DSL.swift */ = {isa = PBXFileReference; lastKnownFileType = sourcecode.swift; path = DSL.swift; sourceTree = "<group>"; };
		OBJ_186 /* Expectation.swift */ = {isa = PBXFileReference; lastKnownFileType = sourcecode.swift; path = Expectation.swift; sourceTree = "<group>"; };
		OBJ_187 /* ExpectationMessage.swift */ = {isa = PBXFileReference; lastKnownFileType = sourcecode.swift; path = ExpectationMessage.swift; sourceTree = "<group>"; };
		OBJ_188 /* Expression.swift */ = {isa = PBXFileReference; lastKnownFileType = sourcecode.swift; path = Expression.swift; sourceTree = "<group>"; };
		OBJ_189 /* FailureMessage.swift */ = {isa = PBXFileReference; lastKnownFileType = sourcecode.swift; path = FailureMessage.swift; sourceTree = "<group>"; };
		OBJ_19 /* AutocompleteBugFixTimer.swift */ = {isa = PBXFileReference; lastKnownFileType = sourcecode.swift; path = AutocompleteBugFixTimer.swift; sourceTree = "<group>"; };
		OBJ_191 /* AllPass.swift */ = {isa = PBXFileReference; lastKnownFileType = sourcecode.swift; path = AllPass.swift; sourceTree = "<group>"; };
		OBJ_192 /* Async.swift */ = {isa = PBXFileReference; lastKnownFileType = sourcecode.swift; path = Async.swift; sourceTree = "<group>"; };
		OBJ_193 /* BeAKindOf.swift */ = {isa = PBXFileReference; lastKnownFileType = sourcecode.swift; path = BeAKindOf.swift; sourceTree = "<group>"; };
		OBJ_194 /* BeAnInstanceOf.swift */ = {isa = PBXFileReference; lastKnownFileType = sourcecode.swift; path = BeAnInstanceOf.swift; sourceTree = "<group>"; };
		OBJ_195 /* BeCloseTo.swift */ = {isa = PBXFileReference; lastKnownFileType = sourcecode.swift; path = BeCloseTo.swift; sourceTree = "<group>"; };
		OBJ_196 /* BeEmpty.swift */ = {isa = PBXFileReference; lastKnownFileType = sourcecode.swift; path = BeEmpty.swift; sourceTree = "<group>"; };
		OBJ_197 /* BeGreaterThan.swift */ = {isa = PBXFileReference; lastKnownFileType = sourcecode.swift; path = BeGreaterThan.swift; sourceTree = "<group>"; };
		OBJ_198 /* BeGreaterThanOrEqualTo.swift */ = {isa = PBXFileReference; lastKnownFileType = sourcecode.swift; path = BeGreaterThanOrEqualTo.swift; sourceTree = "<group>"; };
		OBJ_199 /* BeIdenticalTo.swift */ = {isa = PBXFileReference; lastKnownFileType = sourcecode.swift; path = BeIdenticalTo.swift; sourceTree = "<group>"; };
		OBJ_20 /* AutocompleteSuggestionProvider.swift */ = {isa = PBXFileReference; lastKnownFileType = sourcecode.swift; path = AutocompleteSuggestionProvider.swift; sourceTree = "<group>"; };
		OBJ_200 /* BeLessThan.swift */ = {isa = PBXFileReference; lastKnownFileType = sourcecode.swift; path = BeLessThan.swift; sourceTree = "<group>"; };
		OBJ_201 /* BeLessThanOrEqual.swift */ = {isa = PBXFileReference; lastKnownFileType = sourcecode.swift; path = BeLessThanOrEqual.swift; sourceTree = "<group>"; };
		OBJ_202 /* BeLogical.swift */ = {isa = PBXFileReference; lastKnownFileType = sourcecode.swift; path = BeLogical.swift; sourceTree = "<group>"; };
		OBJ_203 /* BeNil.swift */ = {isa = PBXFileReference; lastKnownFileType = sourcecode.swift; path = BeNil.swift; sourceTree = "<group>"; };
		OBJ_204 /* BeVoid.swift */ = {isa = PBXFileReference; lastKnownFileType = sourcecode.swift; path = BeVoid.swift; sourceTree = "<group>"; };
		OBJ_205 /* BeginWith.swift */ = {isa = PBXFileReference; lastKnownFileType = sourcecode.swift; path = BeginWith.swift; sourceTree = "<group>"; };
		OBJ_206 /* Contain.swift */ = {isa = PBXFileReference; lastKnownFileType = sourcecode.swift; path = Contain.swift; sourceTree = "<group>"; };
		OBJ_207 /* ContainElementSatisfying.swift */ = {isa = PBXFileReference; lastKnownFileType = sourcecode.swift; path = ContainElementSatisfying.swift; sourceTree = "<group>"; };
		OBJ_208 /* ElementsEqual.swift */ = {isa = PBXFileReference; lastKnownFileType = sourcecode.swift; path = ElementsEqual.swift; sourceTree = "<group>"; };
		OBJ_209 /* EndWith.swift */ = {isa = PBXFileReference; lastKnownFileType = sourcecode.swift; path = EndWith.swift; sourceTree = "<group>"; };
		OBJ_21 /* UIInputViewController+AutocompleteBugFixTimer.swift */ = {isa = PBXFileReference; lastKnownFileType = sourcecode.swift; path = "UIInputViewController+AutocompleteBugFixTimer.swift"; sourceTree = "<group>"; };
		OBJ_210 /* Equal.swift */ = {isa = PBXFileReference; lastKnownFileType = sourcecode.swift; path = Equal.swift; sourceTree = "<group>"; };
		OBJ_211 /* HaveCount.swift */ = {isa = PBXFileReference; lastKnownFileType = sourcecode.swift; path = HaveCount.swift; sourceTree = "<group>"; };
		OBJ_212 /* Match.swift */ = {isa = PBXFileReference; lastKnownFileType = sourcecode.swift; path = Match.swift; sourceTree = "<group>"; };
		OBJ_213 /* MatchError.swift */ = {isa = PBXFileReference; lastKnownFileType = sourcecode.swift; path = MatchError.swift; sourceTree = "<group>"; };
		OBJ_214 /* MatcherFunc.swift */ = {isa = PBXFileReference; lastKnownFileType = sourcecode.swift; path = MatcherFunc.swift; sourceTree = "<group>"; };
		OBJ_215 /* MatcherProtocols.swift */ = {isa = PBXFileReference; lastKnownFileType = sourcecode.swift; path = MatcherProtocols.swift; sourceTree = "<group>"; };
		OBJ_216 /* PostNotification.swift */ = {isa = PBXFileReference; lastKnownFileType = sourcecode.swift; path = PostNotification.swift; sourceTree = "<group>"; };
		OBJ_217 /* Predicate.swift */ = {isa = PBXFileReference; lastKnownFileType = sourcecode.swift; path = Predicate.swift; sourceTree = "<group>"; };
		OBJ_218 /* RaisesException.swift */ = {isa = PBXFileReference; lastKnownFileType = sourcecode.swift; path = RaisesException.swift; sourceTree = "<group>"; };
		OBJ_219 /* SatisfyAllOf.swift */ = {isa = PBXFileReference; lastKnownFileType = sourcecode.swift; path = SatisfyAllOf.swift; sourceTree = "<group>"; };
		OBJ_220 /* SatisfyAnyOf.swift */ = {isa = PBXFileReference; lastKnownFileType = sourcecode.swift; path = SatisfyAnyOf.swift; sourceTree = "<group>"; };
		OBJ_221 /* ThrowAssertion.swift */ = {isa = PBXFileReference; lastKnownFileType = sourcecode.swift; path = ThrowAssertion.swift; sourceTree = "<group>"; };
		OBJ_222 /* ThrowError.swift */ = {isa = PBXFileReference; lastKnownFileType = sourcecode.swift; path = ThrowError.swift; sourceTree = "<group>"; };
		OBJ_223 /* ToSucceed.swift */ = {isa = PBXFileReference; lastKnownFileType = sourcecode.swift; path = ToSucceed.swift; sourceTree = "<group>"; };
		OBJ_225 /* Await.swift */ = {isa = PBXFileReference; lastKnownFileType = sourcecode.swift; path = Await.swift; sourceTree = "<group>"; };
		OBJ_226 /* Errors.swift */ = {isa = PBXFileReference; lastKnownFileType = sourcecode.swift; path = Errors.swift; sourceTree = "<group>"; };
		OBJ_227 /* Functional.swift */ = {isa = PBXFileReference; lastKnownFileType = sourcecode.swift; path = Functional.swift; sourceTree = "<group>"; };
		OBJ_228 /* SourceLocation.swift */ = {isa = PBXFileReference; lastKnownFileType = sourcecode.swift; path = SourceLocation.swift; sourceTree = "<group>"; };
		OBJ_229 /* Stringers.swift */ = {isa = PBXFileReference; lastKnownFileType = sourcecode.swift; path = Stringers.swift; sourceTree = "<group>"; };
		OBJ_23 /* HorizontalKeyboardComponent.swift */ = {isa = PBXFileReference; lastKnownFileType = sourcecode.swift; path = HorizontalKeyboardComponent.swift; sourceTree = "<group>"; };
		OBJ_230 /* Package.swift */ = {isa = PBXFileReference; explicitFileType = sourcecode.swift; name = Package.swift; path = /Users/admin/Projects/KeyboardKit/.build/checkouts/Nimble/Package.swift; sourceTree = "<group>"; };
		OBJ_24 /* KeyboardButton.swift */ = {isa = PBXFileReference; lastKnownFileType = sourcecode.swift; path = KeyboardButton.swift; sourceTree = "<group>"; };
		OBJ_243 /* LICENSE */ = {isa = PBXFileReference; lastKnownFileType = text; path = LICENSE; sourceTree = "<group>"; };
		OBJ_244 /* KeyboardKit.podspec */ = {isa = PBXFileReference; lastKnownFileType = text; path = KeyboardKit.podspec; sourceTree = "<group>"; };
		OBJ_245 /* README.md */ = {isa = PBXFileReference; lastKnownFileType = net.daringfireball.markdown; path = README.md; sourceTree = "<group>"; };
		OBJ_246 /* RELEASE_NOTES.md */ = {isa = PBXFileReference; lastKnownFileType = net.daringfireball.markdown; path = RELEASE_NOTES.md; sourceTree = "<group>"; };
		OBJ_247 /* swiftgen.yml */ = {isa = PBXFileReference; lastKnownFileType = text.yaml; path = swiftgen.yml; sourceTree = "<group>"; };
		OBJ_25 /* KeyboardButtonRowComponent.swift */ = {isa = PBXFileReference; lastKnownFileType = sourcecode.swift; path = KeyboardButtonRowComponent.swift; sourceTree = "<group>"; };
		OBJ_26 /* KeyboardStackViewComponent.swift */ = {isa = PBXFileReference; lastKnownFileType = sourcecode.swift; path = KeyboardStackViewComponent.swift; sourceTree = "<group>"; };
		OBJ_27 /* KeyboardToolbarComponent.swift */ = {isa = PBXFileReference; lastKnownFileType = sourcecode.swift; path = KeyboardToolbarComponent.swift; sourceTree = "<group>"; };
		OBJ_28 /* PagedKeyboardComponent.swift */ = {isa = PBXFileReference; lastKnownFileType = sourcecode.swift; path = PagedKeyboardComponent.swift; sourceTree = "<group>"; };
		OBJ_29 /* VerticalKeyboardComponent.swift */ = {isa = PBXFileReference; lastKnownFileType = sourcecode.swift; path = VerticalKeyboardComponent.swift; sourceTree = "<group>"; };
		OBJ_31 /* Array+Appending.swift */ = {isa = PBXFileReference; lastKnownFileType = sourcecode.swift; path = "Array+Appending.swift"; sourceTree = "<group>"; };
		OBJ_32 /* CGFloat+KeyboardDimensions.swift */ = {isa = PBXFileReference; lastKnownFileType = sourcecode.swift; path = "CGFloat+KeyboardDimensions.swift"; sourceTree = "<group>"; };
		OBJ_33 /* Sequence+Batch.swift */ = {isa = PBXFileReference; lastKnownFileType = sourcecode.swift; path = "Sequence+Batch.swift"; sourceTree = "<group>"; };
		OBJ_34 /* String+Uppercased.swift */ = {isa = PBXFileReference; lastKnownFileType = sourcecode.swift; path = "String+Uppercased.swift"; sourceTree = "<group>"; };
		OBJ_35 /* UIColor+TappableClear.swift */ = {isa = PBXFileReference; lastKnownFileType = sourcecode.swift; path = "UIColor+TappableClear.swift"; sourceTree = "<group>"; };
		OBJ_36 /* UIImage+Pasteboard.swift */ = {isa = PBXFileReference; lastKnownFileType = sourcecode.swift; path = "UIImage+Pasteboard.swift"; sourceTree = "<group>"; };
		OBJ_37 /* UIImage+Photos.swift */ = {isa = PBXFileReference; lastKnownFileType = sourcecode.swift; path = "UIImage+Photos.swift"; sourceTree = "<group>"; };
		OBJ_38 /* UIImage+Resized.swift */ = {isa = PBXFileReference; lastKnownFileType = sourcecode.swift; path = "UIImage+Resized.swift"; sourceTree = "<group>"; };
		OBJ_39 /* UIImage+Tinted.swift */ = {isa = PBXFileReference; lastKnownFileType = sourcecode.swift; path = "UIImage+Tinted.swift"; sourceTree = "<group>"; };
		OBJ_40 /* UIScrollView+PageNumber.swift */ = {isa = PBXFileReference; lastKnownFileType = sourcecode.swift; path = "UIScrollView+PageNumber.swift"; sourceTree = "<group>"; };
		OBJ_41 /* UIStackView+Subviews.swift */ = {isa = PBXFileReference; lastKnownFileType = sourcecode.swift; path = "UIStackView+Subviews.swift"; sourceTree = "<group>"; };
		OBJ_42 /* UITextDocumentProxy+CurrentWord.swift */ = {isa = PBXFileReference; lastKnownFileType = sourcecode.swift; path = "UITextDocumentProxy+CurrentWord.swift"; sourceTree = "<group>"; };
		OBJ_43 /* UITextDocumentProxy+Delete.swift */ = {isa = PBXFileReference; lastKnownFileType = sourcecode.swift; path = "UITextDocumentProxy+Delete.swift"; sourceTree = "<group>"; };
		OBJ_44 /* UIView+Nib.swift */ = {isa = PBXFileReference; lastKnownFileType = sourcecode.swift; path = "UIView+Nib.swift"; sourceTree = "<group>"; };
		OBJ_45 /* UIView+Subviews.swift */ = {isa = PBXFileReference; lastKnownFileType = sourcecode.swift; path = "UIView+Subviews.swift"; sourceTree = "<group>"; };
		OBJ_46 /* UIViewAutoresizing+Extras.swift */ = {isa = PBXFileReference; lastKnownFileType = sourcecode.swift; path = "UIViewAutoresizing+Extras.swift"; sourceTree = "<group>"; };
		OBJ_48 /* RepeatingGestureRecognizer.swift */ = {isa = PBXFileReference; lastKnownFileType = sourcecode.swift; path = RepeatingGestureRecognizer.swift; sourceTree = "<group>"; };
		OBJ_49 /* UIView+LongPressAction.swift */ = {isa = PBXFileReference; lastKnownFileType = sourcecode.swift; path = "UIView+LongPressAction.swift"; sourceTree = "<group>"; };
		OBJ_50 /* UIView+RepeatingAction.swift */ = {isa = PBXFileReference; lastKnownFileType = sourcecode.swift; path = "UIView+RepeatingAction.swift"; sourceTree = "<group>"; };
		OBJ_51 /* UIView+TapAction.swift */ = {isa = PBXFileReference; lastKnownFileType = sourcecode.swift; path = "UIView+TapAction.swift"; sourceTree = "<group>"; };
		OBJ_53 /* HapticFeedback+Keyboard.swift */ = {isa = PBXFileReference; lastKnownFileType = sourcecode.swift; path = "HapticFeedback+Keyboard.swift"; sourceTree = "<group>"; };
		OBJ_54 /* HapticFeedback.swift */ = {isa = PBXFileReference; lastKnownFileType = sourcecode.swift; path = HapticFeedback.swift; sourceTree = "<group>"; };
		OBJ_56 /* KeyboardInputViewController.swift */ = {isa = PBXFileReference; lastKnownFileType = sourcecode.swift; path = KeyboardInputViewController.swift; sourceTree = "<group>"; };
		OBJ_57 /* KeyboardSetting.swift */ = {isa = PBXFileReference; lastKnownFileType = sourcecode.swift; path = KeyboardSetting.swift; sourceTree = "<group>"; };
		OBJ_58 /* KeyboardShiftState.swift */ = {isa = PBXFileReference; lastKnownFileType = sourcecode.swift; path = KeyboardShiftState.swift; sourceTree = "<group>"; };
		OBJ_59 /* KeyboardType.swift */ = {isa = PBXFileReference; lastKnownFileType = sourcecode.swift; path = KeyboardType.swift; sourceTree = "<group>"; };
		OBJ_6 /* Package.swift */ = {isa = PBXFileReference; explicitFileType = sourcecode.swift; path = Package.swift; sourceTree = "<group>"; };
		OBJ_61 /* Shadow.swift */ = {isa = PBXFileReference; lastKnownFileType = sourcecode.swift; path = Shadow.swift; sourceTree = "<group>"; };
		OBJ_62 /* UIView+Shadow.swift */ = {isa = PBXFileReference; lastKnownFileType = sourcecode.swift; path = "UIView+Shadow.swift"; sourceTree = "<group>"; };
		OBJ_65 /* KeyboardButtonCollectionView.swift */ = {isa = PBXFileReference; lastKnownFileType = sourcecode.swift; path = KeyboardButtonCollectionView.swift; sourceTree = "<group>"; };
		OBJ_66 /* KeyboardButtonRowCollectionView.swift */ = {isa = PBXFileReference; lastKnownFileType = sourcecode.swift; path = KeyboardButtonRowCollectionView.swift; sourceTree = "<group>"; };
		OBJ_67 /* KeyboardCollectionView.swift */ = {isa = PBXFileReference; lastKnownFileType = sourcecode.swift; path = KeyboardCollectionView.swift; sourceTree = "<group>"; };
		OBJ_68 /* KeyboardButtonRow.swift */ = {isa = PBXFileReference; lastKnownFileType = sourcecode.swift; path = KeyboardButtonRow.swift; sourceTree = "<group>"; };
		OBJ_69 /* KeyboardButtonView.swift */ = {isa = PBXFileReference; lastKnownFileType = sourcecode.swift; path = KeyboardButtonView.swift; sourceTree = "<group>"; };
		OBJ_70 /* KeyboardSpacerView.swift */ = {isa = PBXFileReference; lastKnownFileType = sourcecode.swift; path = KeyboardSpacerView.swift; sourceTree = "<group>"; };
		OBJ_72 /* AutocompleteToolbar.swift */ = {isa = PBXFileReference; lastKnownFileType = sourcecode.swift; path = AutocompleteToolbar.swift; sourceTree = "<group>"; };
		OBJ_73 /* KeyboardToolbar.swift */ = {isa = PBXFileReference; lastKnownFileType = sourcecode.swift; path = KeyboardToolbar.swift; sourceTree = "<group>"; };
		OBJ_77 /* KeyboardActionRowTest.swift */ = {isa = PBXFileReference; lastKnownFileType = sourcecode.swift; path = KeyboardActionRowTest.swift; sourceTree = "<group>"; };
		OBJ_78 /* KeyboardActionRowsTests.swift */ = {isa = PBXFileReference; lastKnownFileType = sourcecode.swift; path = KeyboardActionRowsTests.swift; sourceTree = "<group>"; };
		OBJ_79 /* KeyboardActionTests.swift */ = {isa = PBXFileReference; lastKnownFileType = sourcecode.swift; path = KeyboardActionTests.swift; sourceTree = "<group>"; };
		OBJ_80 /* StandardKeyboardActionHandlerTests.swift */ = {isa = PBXFileReference; lastKnownFileType = sourcecode.swift; path = StandardKeyboardActionHandlerTests.swift; sourceTree = "<group>"; };
		OBJ_82 /* ToastAlertTests.swift */ = {isa = PBXFileReference; lastKnownFileType = sourcecode.swift; path = ToastAlertTests.swift; sourceTree = "<group>"; };
		OBJ_84 /* HorizontalKeyboardComponentTests.swift */ = {isa = PBXFileReference; lastKnownFileType = sourcecode.swift; path = HorizontalKeyboardComponentTests.swift; sourceTree = "<group>"; };
		OBJ_85 /* PagedKeyboardComponentTests.swift */ = {isa = PBXFileReference; lastKnownFileType = sourcecode.swift; path = PagedKeyboardComponentTests.swift; sourceTree = "<group>"; };
		OBJ_86 /* VerticalKeyboardComponentTests.swift */ = {isa = PBXFileReference; lastKnownFileType = sourcecode.swift; path = VerticalKeyboardComponentTests.swift; sourceTree = "<group>"; };
		OBJ_88 /* Array+AppendingTests.swift */ = {isa = PBXFileReference; lastKnownFileType = sourcecode.swift; path = "Array+AppendingTests.swift"; sourceTree = "<group>"; };
		OBJ_89 /* CGFloat+KeyboardTests.swift */ = {isa = PBXFileReference; lastKnownFileType = sourcecode.swift; path = "CGFloat+KeyboardTests.swift"; sourceTree = "<group>"; };
		OBJ_90 /* Sequence+BatchTests.swift */ = {isa = PBXFileReference; lastKnownFileType = sourcecode.swift; path = "Sequence+BatchTests.swift"; sourceTree = "<group>"; };
		OBJ_91 /* String+UppercasedTests.swift */ = {isa = PBXFileReference; lastKnownFileType = sourcecode.swift; path = "String+UppercasedTests.swift"; sourceTree = "<group>"; };
		OBJ_92 /* UIImage+PasteboardTests.swift */ = {isa = PBXFileReference; lastKnownFileType = sourcecode.swift; path = "UIImage+PasteboardTests.swift"; sourceTree = "<group>"; };
		OBJ_93 /* UIImage+ResizedTests.swift */ = {isa = PBXFileReference; lastKnownFileType = sourcecode.swift; path = "UIImage+ResizedTests.swift"; sourceTree = "<group>"; };
		OBJ_94 /* UIImage+TintedTests.swift */ = {isa = PBXFileReference; lastKnownFileType = sourcecode.swift; path = "UIImage+TintedTests.swift"; sourceTree = "<group>"; };
		OBJ_95 /* UIStackView+SubviewsTests.swift */ = {isa = PBXFileReference; lastKnownFileType = sourcecode.swift; path = "UIStackView+SubviewsTests.swift"; sourceTree = "<group>"; };
		OBJ_96 /* UITextDocumentProxy+CurrentWordTests.swift */ = {isa = PBXFileReference; lastKnownFileType = sourcecode.swift; path = "UITextDocumentProxy+CurrentWordTests.swift"; sourceTree = "<group>"; };
		OBJ_97 /* UITextDocumentProxy+DeleteTests.swift */ = {isa = PBXFileReference; lastKnownFileType = sourcecode.swift; path = "UITextDocumentProxy+DeleteTests.swift"; sourceTree = "<group>"; };
		OBJ_98 /* UIView+NibTests.swift */ = {isa = PBXFileReference; lastKnownFileType = sourcecode.swift; path = "UIView+NibTests.swift"; sourceTree = "<group>"; };
		OBJ_99 /* UIView+SubviewsTests.swift */ = {isa = PBXFileReference; lastKnownFileType = sourcecode.swift; path = "UIView+SubviewsTests.swift"; sourceTree = "<group>"; };
/* End PBXFileReference section */

/* Begin PBXFrameworksBuildPhase section */
		OBJ_306 /* Frameworks */ = {
			isa = PBXFrameworksBuildPhase;
			buildActionMask = 0;
			files = (
			);
			runOnlyForDeploymentPostprocessing = 0;
		};
		OBJ_367 /* Frameworks */ = {
			isa = PBXFrameworksBuildPhase;
			buildActionMask = 0;
			files = (
				8441DB4E2343B1C000338DAD /* Nimble in Frameworks */,
				8441DB512343B1E900338DAD /* Mockery in Frameworks */,
				8441DB4B2343B1A600338DAD /* Quick in Frameworks */,
				OBJ_372 /* KeyboardKit.framework in Frameworks */,
			);
			runOnlyForDeploymentPostprocessing = 0;
		};
/* End PBXFrameworksBuildPhase section */

/* Begin PBXGroup section */
		8441DB522343B21500338DAD /* Project Files */ = {
			isa = PBXGroup;
			children = (
				8441DB5A2343B28E00338DAD /* .gitignore */,
				8441DB5B2343B28E00338DAD /* .swift-version */,
				8441DB5C2343B28E00338DAD /* .swiftlint.yml */,
				8441DB5D2343B2A800338DAD /* Fastfile */,
				OBJ_243 /* LICENSE */,
				OBJ_244 /* KeyboardKit.podspec */,
				OBJ_245 /* README.md */,
				OBJ_246 /* RELEASE_NOTES.md */,
				OBJ_247 /* swiftgen.yml */,
			);
			name = "Project Files";
			sourceTree = "<group>";
		};
		849B945F2343C08F001A9FAD /* Frameworks */ = {
			isa = PBXGroup;
			children = (
			);
			name = Frameworks;
			sourceTree = "<group>";
		};
		OBJ_101 /* Gestures */ = {
			isa = PBXGroup;
			children = (
				OBJ_102 /* RepeatingGestureRecognizerTests.swift */,
				OBJ_103 /* UIView+LongPressActionTests.swift */,
				OBJ_104 /* UIView+RepeatingActionTests.swift */,
				OBJ_105 /* UIView+TapActionTests.swift */,
			);
			path = Gestures;
			sourceTree = "<group>";
		};
		OBJ_106 /* Haptics */ = {
			isa = PBXGroup;
			children = (
				OBJ_107 /* HapticFeedback+KeyboardTests.swift */,
			);
			path = Haptics;
			sourceTree = "<group>";
		};
		OBJ_108 /* Keyboard */ = {
			isa = PBXGroup;
			children = (
				OBJ_109 /* KeyboardInputViewControllerTests.swift */,
				OBJ_110 /* KeyboardSettingTests.swift */,
				OBJ_111 /* KeyboardShiftStateTests.swift */,
			);
			path = Keyboard;
			sourceTree = "<group>";
		};
		OBJ_112 /* Mocks */ = {
			isa = PBXGroup;
			children = (
				OBJ_113 /* MockCollectionViewLayout.swift */,
				OBJ_114 /* MockInputViewController.swift */,
				OBJ_115 /* MockKeyboardActionHandler.swift */,
				OBJ_116 /* MockKeyboardInputViewController.swift */,
				OBJ_117 /* MockPasteboard.swift */,
				OBJ_118 /* MockTextDocumentProxy.swift */,
			);
			path = Mocks;
			sourceTree = "<group>";
		};
		OBJ_119 /* Shadow */ = {
			isa = PBXGroup;
			children = (
				OBJ_120 /* UIView+ShadowTests.swift */,
			);
			path = Shadow;
			sourceTree = "<group>";
		};
		OBJ_121 /* Views */ = {
			isa = PBXGroup;
			children = (
				OBJ_122 /* Collections */,
				OBJ_126 /* KeyboardButtonRowTests.swift */,
				OBJ_127 /* KeyboardButtonViewTests.swift */,
				OBJ_128 /* KeyboardSpacerViewTests.swift */,
				OBJ_129 /* Toolbars */,
			);
			path = Views;
			sourceTree = "<group>";
		};
		OBJ_122 /* Collections */ = {
			isa = PBXGroup;
			children = (
				OBJ_123 /* KeyboardButtonCollectionViewTests.swift */,
				OBJ_124 /* KeyboardButtonRowCollectionViewTests.swift */,
				OBJ_125 /* KeyboardCollectionViewTests.swift */,
			);
			path = Collections;
			sourceTree = "<group>";
		};
		OBJ_129 /* Toolbars */ = {
			isa = PBXGroup;
			children = (
				OBJ_130 /* KeyboardToolbarTests.swift */,
			);
			path = Toolbars;
			sourceTree = "<group>";
		};
		OBJ_132 /* Dependencies */ = {
			isa = PBXGroup;
			children = (
				OBJ_133 /* Mockery 0.1.1 */,
				OBJ_139 /* Quick 2.2.0 */,
				OBJ_172 /* Nimble 8.0.2 */,
			);
			name = Dependencies;
			sourceTree = "<group>";
		};
		OBJ_133 /* Mockery 0.1.1 */ = {
			isa = PBXGroup;
			children = (
				OBJ_134 /* Mockery */,
				OBJ_138 /* Package.swift */,
			);
			name = "Mockery 0.1.1";
			sourceTree = SOURCE_ROOT;
		};
		OBJ_134 /* Mockery */ = {
			isa = PBXGroup;
			children = (
				OBJ_135 /* Escaping.swift */,
				OBJ_136 /* Execution.swift */,
				OBJ_137 /* Mock.swift */,
			);
			name = Mockery;
			path = .build/checkouts/Mockery/Sources/Mockery;
			sourceTree = SOURCE_ROOT;
		};
		OBJ_139 /* Quick 2.2.0 */ = {
			isa = PBXGroup;
			children = (
				OBJ_140 /* Quick */,
				OBJ_167 /* QuickSpecBase */,
				OBJ_171 /* Package.swift */,
			);
			name = "Quick 2.2.0";
			sourceTree = SOURCE_ROOT;
		};
		OBJ_140 /* Quick */ = {
			isa = PBXGroup;
			children = (
				OBJ_141 /* Behavior.swift */,
				OBJ_142 /* Callsite.swift */,
				OBJ_143 /* Configuration */,
				OBJ_146 /* DSL */,
				OBJ_149 /* ErrorUtility.swift */,
				OBJ_150 /* Example.swift */,
				OBJ_151 /* ExampleGroup.swift */,
				OBJ_152 /* ExampleMetadata.swift */,
				OBJ_153 /* Filter.swift */,
				OBJ_154 /* Hooks */,
				OBJ_159 /* NSBundle+CurrentTestBundle.swift */,
				OBJ_160 /* QuickMain.swift */,
				OBJ_161 /* QuickSelectedTestSuiteBuilder.swift */,
				OBJ_162 /* QuickSpec.swift */,
				OBJ_163 /* QuickTestSuite.swift */,
				OBJ_164 /* String+C99ExtendedIdentifier.swift */,
				OBJ_165 /* URL+FileName.swift */,
				OBJ_166 /* World.swift */,
			);
			name = Quick;
			path = .build/checkouts/Quick/Sources/Quick;
			sourceTree = SOURCE_ROOT;
		};
		OBJ_143 /* Configuration */ = {
			isa = PBXGroup;
			children = (
				OBJ_144 /* Configuration.swift */,
				OBJ_145 /* QuickConfiguration.swift */,
			);
			path = Configuration;
			sourceTree = "<group>";
		};
		OBJ_146 /* DSL */ = {
			isa = PBXGroup;
			children = (
				OBJ_147 /* DSL.swift */,
				OBJ_148 /* World+DSL.swift */,
			);
			path = DSL;
			sourceTree = "<group>";
		};
		OBJ_15 /* Alerts */ = {
			isa = PBXGroup;
			children = (
				OBJ_16 /* KeyboardAlert.swift */,
				OBJ_17 /* ToastAlert.swift */,
			);
			path = Alerts;
			sourceTree = "<group>";
		};
		OBJ_154 /* Hooks */ = {
			isa = PBXGroup;
			children = (
				OBJ_155 /* Closures.swift */,
				OBJ_156 /* ExampleHooks.swift */,
				OBJ_157 /* HooksPhase.swift */,
				OBJ_158 /* SuiteHooks.swift */,
			);
			path = Hooks;
			sourceTree = "<group>";
		};
		OBJ_167 /* QuickSpecBase */ = {
			isa = PBXGroup;
			children = (
				OBJ_168 /* QuickSpecBase.m */,
				OBJ_169 /* include */,
			);
			name = QuickSpecBase;
			path = .build/checkouts/Quick/Sources/QuickSpecBase;
			sourceTree = SOURCE_ROOT;
		};
		OBJ_169 /* include */ = {
			isa = PBXGroup;
			children = (
				OBJ_170 /* QuickSpecBase.h */,
			);
			path = include;
			sourceTree = "<group>";
		};
		OBJ_172 /* Nimble 8.0.2 */ = {
			isa = PBXGroup;
			children = (
				OBJ_173 /* Nimble */,
				OBJ_230 /* Package.swift */,
			);
			name = "Nimble 8.0.2";
			sourceTree = SOURCE_ROOT;
		};
		OBJ_173 /* Nimble */ = {
			isa = PBXGroup;
			children = (
				OBJ_174 /* Adapters */,
				OBJ_184 /* DSL+Wait.swift */,
				OBJ_185 /* DSL.swift */,
				OBJ_186 /* Expectation.swift */,
				OBJ_187 /* ExpectationMessage.swift */,
				OBJ_188 /* Expression.swift */,
				OBJ_189 /* FailureMessage.swift */,
				OBJ_190 /* Matchers */,
				OBJ_224 /* Utils */,
			);
			name = Nimble;
			path = .build/checkouts/Nimble/Sources/Nimble;
			sourceTree = SOURCE_ROOT;
		};
		OBJ_174 /* Adapters */ = {
			isa = PBXGroup;
			children = (
				OBJ_175 /* AdapterProtocols.swift */,
				OBJ_176 /* AssertionDispatcher.swift */,
				OBJ_177 /* AssertionRecorder.swift */,
				OBJ_178 /* NMBExpectation.swift */,
				OBJ_179 /* NMBObjCMatcher.swift */,
				OBJ_180 /* NimbleEnvironment.swift */,
				OBJ_181 /* NimbleXCTestHandler.swift */,
				OBJ_182 /* NonObjectiveC */,
			);
			path = Adapters;
			sourceTree = "<group>";
		};
		OBJ_18 /* Autocomplete */ = {
			isa = PBXGroup;
			children = (
				OBJ_19 /* AutocompleteBugFixTimer.swift */,
				OBJ_20 /* AutocompleteSuggestionProvider.swift */,
				OBJ_21 /* UIInputViewController+AutocompleteBugFixTimer.swift */,
			);
			path = Autocomplete;
			sourceTree = "<group>";
		};
		OBJ_182 /* NonObjectiveC */ = {
			isa = PBXGroup;
			children = (
				OBJ_183 /* ExceptionCapture.swift */,
			);
			path = NonObjectiveC;
			sourceTree = "<group>";
		};
		OBJ_190 /* Matchers */ = {
			isa = PBXGroup;
			children = (
				OBJ_191 /* AllPass.swift */,
				OBJ_192 /* Async.swift */,
				OBJ_193 /* BeAKindOf.swift */,
				OBJ_194 /* BeAnInstanceOf.swift */,
				OBJ_195 /* BeCloseTo.swift */,
				OBJ_196 /* BeEmpty.swift */,
				OBJ_197 /* BeGreaterThan.swift */,
				OBJ_198 /* BeGreaterThanOrEqualTo.swift */,
				OBJ_199 /* BeIdenticalTo.swift */,
				OBJ_200 /* BeLessThan.swift */,
				OBJ_201 /* BeLessThanOrEqual.swift */,
				OBJ_202 /* BeLogical.swift */,
				OBJ_203 /* BeNil.swift */,
				OBJ_204 /* BeVoid.swift */,
				OBJ_205 /* BeginWith.swift */,
				OBJ_206 /* Contain.swift */,
				OBJ_207 /* ContainElementSatisfying.swift */,
				OBJ_208 /* ElementsEqual.swift */,
				OBJ_209 /* EndWith.swift */,
				OBJ_210 /* Equal.swift */,
				OBJ_211 /* HaveCount.swift */,
				OBJ_212 /* Match.swift */,
				OBJ_213 /* MatchError.swift */,
				OBJ_214 /* MatcherFunc.swift */,
				OBJ_215 /* MatcherProtocols.swift */,
				OBJ_216 /* PostNotification.swift */,
				OBJ_217 /* Predicate.swift */,
				OBJ_218 /* RaisesException.swift */,
				OBJ_219 /* SatisfyAllOf.swift */,
				OBJ_220 /* SatisfyAnyOf.swift */,
				OBJ_221 /* ThrowAssertion.swift */,
				OBJ_222 /* ThrowError.swift */,
				OBJ_223 /* ToSucceed.swift */,
			);
			path = Matchers;
			sourceTree = "<group>";
		};
		OBJ_22 /* Components */ = {
			isa = PBXGroup;
			children = (
				OBJ_23 /* HorizontalKeyboardComponent.swift */,
				OBJ_24 /* KeyboardButton.swift */,
				OBJ_25 /* KeyboardButtonRowComponent.swift */,
				OBJ_26 /* KeyboardStackViewComponent.swift */,
				OBJ_27 /* KeyboardToolbarComponent.swift */,
				OBJ_28 /* PagedKeyboardComponent.swift */,
				OBJ_29 /* VerticalKeyboardComponent.swift */,
			);
			path = Components;
			sourceTree = "<group>";
		};
		OBJ_224 /* Utils */ = {
			isa = PBXGroup;
			children = (
				OBJ_225 /* Await.swift */,
				OBJ_226 /* Errors.swift */,
				OBJ_227 /* Functional.swift */,
				OBJ_228 /* SourceLocation.swift */,
				OBJ_229 /* Stringers.swift */,
			);
			path = Utils;
			sourceTree = "<group>";
		};
		OBJ_231 /* Products */ = {
			isa = PBXGroup;
			children = (
				"KeyboardKit::KeyboardKitTests::Product" /* KeyboardKitTests.xctest */,
				"KeyboardKit::KeyboardKit::Product" /* KeyboardKit.framework */,
			);
			name = Products;
			sourceTree = BUILT_PRODUCTS_DIR;
		};
		OBJ_30 /* Extensions */ = {
			isa = PBXGroup;
			children = (
				OBJ_31 /* Array+Appending.swift */,
				OBJ_32 /* CGFloat+KeyboardDimensions.swift */,
				OBJ_33 /* Sequence+Batch.swift */,
				OBJ_34 /* String+Uppercased.swift */,
				OBJ_35 /* UIColor+TappableClear.swift */,
				OBJ_36 /* UIImage+Pasteboard.swift */,
				OBJ_37 /* UIImage+Photos.swift */,
				OBJ_38 /* UIImage+Resized.swift */,
				OBJ_39 /* UIImage+Tinted.swift */,
				OBJ_40 /* UIScrollView+PageNumber.swift */,
				OBJ_41 /* UIStackView+Subviews.swift */,
				OBJ_42 /* UITextDocumentProxy+CurrentWord.swift */,
				OBJ_43 /* UITextDocumentProxy+Delete.swift */,
				OBJ_44 /* UIView+Nib.swift */,
				OBJ_45 /* UIView+Subviews.swift */,
				OBJ_46 /* UIViewAutoresizing+Extras.swift */,
			);
			path = Extensions;
			sourceTree = "<group>";
		};
		OBJ_47 /* Gestures */ = {
			isa = PBXGroup;
			children = (
				OBJ_48 /* RepeatingGestureRecognizer.swift */,
				OBJ_49 /* UIView+LongPressAction.swift */,
				OBJ_50 /* UIView+RepeatingAction.swift */,
				OBJ_51 /* UIView+TapAction.swift */,
			);
			path = Gestures;
			sourceTree = "<group>";
		};
		OBJ_5 = {
			isa = PBXGroup;
			children = (
				OBJ_6 /* Package.swift */,
				OBJ_7 /* Sources */,
				OBJ_74 /* Tests */,
				OBJ_132 /* Dependencies */,
				OBJ_231 /* Products */,
				8441DB522343B21500338DAD /* Project Files */,
				849B945F2343C08F001A9FAD /* Frameworks */,
			);
			sourceTree = "<group>";
		};
		OBJ_52 /* Haptics */ = {
			isa = PBXGroup;
			children = (
				OBJ_53 /* HapticFeedback+Keyboard.swift */,
				OBJ_54 /* HapticFeedback.swift */,
			);
			path = Haptics;
			sourceTree = "<group>";
		};
		OBJ_55 /* Keyboard */ = {
			isa = PBXGroup;
			children = (
				OBJ_56 /* KeyboardInputViewController.swift */,
				OBJ_57 /* KeyboardSetting.swift */,
				OBJ_58 /* KeyboardShiftState.swift */,
				OBJ_59 /* KeyboardType.swift */,
			);
			path = Keyboard;
			sourceTree = "<group>";
		};
		OBJ_60 /* Shadow */ = {
			isa = PBXGroup;
			children = (
				OBJ_61 /* Shadow.swift */,
				OBJ_62 /* UIView+Shadow.swift */,
			);
			path = Shadow;
			sourceTree = "<group>";
		};
		OBJ_63 /* Views */ = {
			isa = PBXGroup;
			children = (
				OBJ_64 /* Collections */,
				OBJ_68 /* KeyboardButtonRow.swift */,
				OBJ_69 /* KeyboardButtonView.swift */,
				OBJ_70 /* KeyboardSpacerView.swift */,
				OBJ_71 /* Toolbars */,
			);
			path = Views;
			sourceTree = "<group>";
		};
		OBJ_64 /* Collections */ = {
			isa = PBXGroup;
			children = (
				OBJ_65 /* KeyboardButtonCollectionView.swift */,
				OBJ_66 /* KeyboardButtonRowCollectionView.swift */,
				OBJ_67 /* KeyboardCollectionView.swift */,
			);
			path = Collections;
			sourceTree = "<group>";
		};
		OBJ_7 /* Sources */ = {
			isa = PBXGroup;
			children = (
				OBJ_8 /* KeyboardKit */,
			);
			name = Sources;
			sourceTree = SOURCE_ROOT;
		};
		OBJ_71 /* Toolbars */ = {
			isa = PBXGroup;
			children = (
				OBJ_72 /* AutocompleteToolbar.swift */,
				OBJ_73 /* KeyboardToolbar.swift */,
			);
			path = Toolbars;
			sourceTree = "<group>";
		};
		OBJ_74 /* Tests */ = {
			isa = PBXGroup;
			children = (
				OBJ_75 /* KeyboardKitTests */,
			);
			name = Tests;
			sourceTree = SOURCE_ROOT;
		};
		OBJ_75 /* KeyboardKitTests */ = {
			isa = PBXGroup;
			children = (
				OBJ_76 /* Actions */,
				OBJ_81 /* Alerts */,
				OBJ_83 /* Components */,
				OBJ_87 /* Extensions */,
				OBJ_101 /* Gestures */,
				OBJ_106 /* Haptics */,
				OBJ_108 /* Keyboard */,
				OBJ_112 /* Mocks */,
				OBJ_119 /* Shadow */,
				OBJ_121 /* Views */,
				OBJ_131 /* XCTestManifests.swift */,
			);
			name = KeyboardKitTests;
			path = Tests/KeyboardKitTests;
			sourceTree = SOURCE_ROOT;
		};
		OBJ_76 /* Actions */ = {
			isa = PBXGroup;
			children = (
				OBJ_77 /* KeyboardActionRowTest.swift */,
				OBJ_78 /* KeyboardActionRowsTests.swift */,
				OBJ_79 /* KeyboardActionTests.swift */,
				OBJ_80 /* StandardKeyboardActionHandlerTests.swift */,
			);
			path = Actions;
			sourceTree = "<group>";
		};
		OBJ_8 /* KeyboardKit */ = {
			isa = PBXGroup;
			children = (
				OBJ_9 /* Actions */,
				OBJ_15 /* Alerts */,
				OBJ_18 /* Autocomplete */,
				OBJ_22 /* Components */,
				OBJ_30 /* Extensions */,
				OBJ_47 /* Gestures */,
				OBJ_52 /* Haptics */,
				OBJ_55 /* Keyboard */,
				OBJ_60 /* Shadow */,
				OBJ_63 /* Views */,
			);
			name = KeyboardKit;
			path = Sources/KeyboardKit;
			sourceTree = SOURCE_ROOT;
		};
		OBJ_81 /* Alerts */ = {
			isa = PBXGroup;
			children = (
				OBJ_82 /* ToastAlertTests.swift */,
			);
			path = Alerts;
			sourceTree = "<group>";
		};
		OBJ_83 /* Components */ = {
			isa = PBXGroup;
			children = (
				OBJ_84 /* HorizontalKeyboardComponentTests.swift */,
				OBJ_85 /* PagedKeyboardComponentTests.swift */,
				OBJ_86 /* VerticalKeyboardComponentTests.swift */,
			);
			path = Components;
			sourceTree = "<group>";
		};
		OBJ_87 /* Extensions */ = {
			isa = PBXGroup;
			children = (
				OBJ_88 /* Array+AppendingTests.swift */,
				OBJ_89 /* CGFloat+KeyboardTests.swift */,
				OBJ_90 /* Sequence+BatchTests.swift */,
				OBJ_91 /* String+UppercasedTests.swift */,
				OBJ_92 /* UIImage+PasteboardTests.swift */,
				OBJ_93 /* UIImage+ResizedTests.swift */,
				OBJ_94 /* UIImage+TintedTests.swift */,
				OBJ_95 /* UIStackView+SubviewsTests.swift */,
				OBJ_96 /* UITextDocumentProxy+CurrentWordTests.swift */,
				OBJ_97 /* UITextDocumentProxy+DeleteTests.swift */,
				OBJ_98 /* UIView+NibTests.swift */,
				OBJ_99 /* UIView+SubviewsTests.swift */,
				OBJ_100 /* UIViewAutoresizing+ExtrasTests.swift */,
			);
			path = Extensions;
			sourceTree = "<group>";
		};
		OBJ_9 /* Actions */ = {
			isa = PBXGroup;
			children = (
				OBJ_10 /* KeyboardAction.swift */,
				OBJ_11 /* KeyboardActionHandler.swift */,
				OBJ_12 /* KeyboardActionRow.swift */,
				OBJ_13 /* KeyboardActionRows.swift */,
				OBJ_14 /* StandardKeyboardActionHandler.swift */,
			);
			path = Actions;
			sourceTree = "<group>";
		};
/* End PBXGroup section */

/* Begin PBXNativeTarget section */
		"KeyboardKit::KeyboardKit" /* KeyboardKit */ = {
			isa = PBXNativeTarget;
			buildConfigurationList = OBJ_249 /* Build configuration list for PBXNativeTarget "KeyboardKit" */;
			buildPhases = (
				84F42F832343E8DF00F09426 /* ShellScript */,
				OBJ_252 /* Sources */,
				OBJ_306 /* Frameworks */,
			);
			buildRules = (
			);
			dependencies = (
			);
			name = KeyboardKit;
			productName = KeyboardKit;
			productReference = "KeyboardKit::KeyboardKit::Product" /* KeyboardKit.framework */;
			productType = "com.apple.product-type.framework";
		};
		"KeyboardKit::KeyboardKitTests" /* KeyboardKitTests */ = {
			isa = PBXNativeTarget;
			buildConfigurationList = OBJ_319 /* Build configuration list for PBXNativeTarget "KeyboardKitTests" */;
			buildPhases = (
				OBJ_322 /* Sources */,
				OBJ_367 /* Frameworks */,
			);
			buildRules = (
			);
			dependencies = (
				OBJ_381 /* PBXTargetDependency */,
			);
			name = KeyboardKitTests;
			packageProductDependencies = (
				8441DB4A2343B1A600338DAD /* Quick */,
				8441DB4D2343B1C000338DAD /* Nimble */,
				8441DB502343B1E900338DAD /* Mockery */,
			);
			productName = KeyboardKitTests;
			productReference = "KeyboardKit::KeyboardKitTests::Product" /* KeyboardKitTests.xctest */;
			productType = "com.apple.product-type.bundle.unit-test";
		};
		"KeyboardKit::SwiftPMPackageDescription" /* KeyboardKitPackageDescription */ = {
			isa = PBXNativeTarget;
			buildConfigurationList = OBJ_308 /* Build configuration list for PBXNativeTarget "KeyboardKitPackageDescription" */;
			buildPhases = (
				OBJ_311 /* Sources */,
			);
			buildRules = (
			);
			dependencies = (
			);
			name = KeyboardKitPackageDescription;
			productName = KeyboardKitPackageDescription;
			productType = "com.apple.product-type.framework";
		};
/* End PBXNativeTarget section */

/* Begin PBXProject section */
		OBJ_1 /* Project object */ = {
			isa = PBXProject;
			attributes = {
				LastSwiftMigration = 9999;
				LastSwiftUpdateCheck = 1100;
				LastUpgradeCheck = 9999;
			};
			buildConfigurationList = OBJ_2 /* Build configuration list for PBXProject "KeyboardKit" */;
			compatibilityVersion = "Xcode 3.2";
			developmentRegion = en;
			hasScannedForEncodings = 0;
			knownRegions = (
				en,
				Base,
			);
			mainGroup = OBJ_5;
			packageReferences = (
				8441DB492343B1A600338DAD /* XCRemoteSwiftPackageReference "Quick" */,
				8441DB4C2343B1C000338DAD /* XCRemoteSwiftPackageReference "Nimble" */,
				8441DB4F2343B1E900338DAD /* XCRemoteSwiftPackageReference "Mockery" */,
			);
			productRefGroup = OBJ_231 /* Products */;
			projectDirPath = "";
			projectRoot = "";
			targets = (
				"KeyboardKit::KeyboardKit" /* KeyboardKit */,
				"KeyboardKit::SwiftPMPackageDescription" /* KeyboardKitPackageDescription */,
				"KeyboardKit::KeyboardKitPackageTests::ProductTarget" /* KeyboardKitPackageTests */,
				"KeyboardKit::KeyboardKitTests" /* KeyboardKitTests */,
			);
		};
/* End PBXProject section */

/* Begin PBXShellScriptBuildPhase section */
		84F42F832343E8DF00F09426 /* ShellScript */ = {
			isa = PBXShellScriptBuildPhase;
			buildActionMask = 2147483647;
			files = (
			);
			inputFileListPaths = (
			);
			inputPaths = (
			);
			outputFileListPaths = (
			);
			outputPaths = (
			);
			runOnlyForDeploymentPostprocessing = 0;
			shellPath = /bin/sh;
			shellScript = "if which swiftlint >/dev/null; then\n  swiftlint\nelse\n  echo \"warning: SwiftLint not installed, download from https://github.com/realm/SwiftLint\"\nfi\n";
		};
/* End PBXShellScriptBuildPhase section */

/* Begin PBXSourcesBuildPhase section */
		OBJ_252 /* Sources */ = {
			isa = PBXSourcesBuildPhase;
			buildActionMask = 0;
			files = (
				OBJ_253 /* KeyboardAction.swift in Sources */,
				OBJ_254 /* KeyboardActionHandler.swift in Sources */,
				OBJ_255 /* KeyboardActionRow.swift in Sources */,
				OBJ_256 /* KeyboardActionRows.swift in Sources */,
				OBJ_257 /* StandardKeyboardActionHandler.swift in Sources */,
				OBJ_258 /* KeyboardAlert.swift in Sources */,
				OBJ_259 /* ToastAlert.swift in Sources */,
				OBJ_260 /* AutocompleteBugFixTimer.swift in Sources */,
				OBJ_261 /* AutocompleteSuggestionProvider.swift in Sources */,
				OBJ_262 /* UIInputViewController+AutocompleteBugFixTimer.swift in Sources */,
				OBJ_263 /* HorizontalKeyboardComponent.swift in Sources */,
				OBJ_264 /* KeyboardButton.swift in Sources */,
				OBJ_265 /* KeyboardButtonRowComponent.swift in Sources */,
				OBJ_266 /* KeyboardStackViewComponent.swift in Sources */,
				OBJ_267 /* KeyboardToolbarComponent.swift in Sources */,
				OBJ_268 /* PagedKeyboardComponent.swift in Sources */,
				OBJ_269 /* VerticalKeyboardComponent.swift in Sources */,
				OBJ_270 /* Array+Appending.swift in Sources */,
				OBJ_271 /* CGFloat+KeyboardDimensions.swift in Sources */,
				OBJ_272 /* Sequence+Batch.swift in Sources */,
				OBJ_273 /* String+Uppercased.swift in Sources */,
				OBJ_274 /* UIColor+TappableClear.swift in Sources */,
				OBJ_275 /* UIImage+Pasteboard.swift in Sources */,
				OBJ_276 /* UIImage+Photos.swift in Sources */,
				OBJ_277 /* UIImage+Resized.swift in Sources */,
				OBJ_278 /* UIImage+Tinted.swift in Sources */,
				OBJ_279 /* UIScrollView+PageNumber.swift in Sources */,
				OBJ_280 /* UIStackView+Subviews.swift in Sources */,
				OBJ_281 /* UITextDocumentProxy+CurrentWord.swift in Sources */,
				OBJ_282 /* UITextDocumentProxy+Delete.swift in Sources */,
				OBJ_283 /* UIView+Nib.swift in Sources */,
				OBJ_284 /* UIView+Subviews.swift in Sources */,
				OBJ_285 /* UIViewAutoresizing+Extras.swift in Sources */,
				OBJ_286 /* RepeatingGestureRecognizer.swift in Sources */,
				OBJ_287 /* UIView+LongPressAction.swift in Sources */,
				OBJ_288 /* UIView+RepeatingAction.swift in Sources */,
				OBJ_289 /* UIView+TapAction.swift in Sources */,
				OBJ_290 /* HapticFeedback+Keyboard.swift in Sources */,
				OBJ_291 /* HapticFeedback.swift in Sources */,
				OBJ_292 /* KeyboardInputViewController.swift in Sources */,
				OBJ_293 /* KeyboardSetting.swift in Sources */,
				OBJ_294 /* KeyboardShiftState.swift in Sources */,
				OBJ_295 /* KeyboardType.swift in Sources */,
				OBJ_296 /* Shadow.swift in Sources */,
				OBJ_297 /* UIView+Shadow.swift in Sources */,
				OBJ_298 /* KeyboardButtonCollectionView.swift in Sources */,
				OBJ_299 /* KeyboardButtonRowCollectionView.swift in Sources */,
				OBJ_300 /* KeyboardCollectionView.swift in Sources */,
				OBJ_301 /* KeyboardButtonRow.swift in Sources */,
				OBJ_302 /* KeyboardButtonView.swift in Sources */,
				OBJ_303 /* KeyboardSpacerView.swift in Sources */,
				OBJ_304 /* AutocompleteToolbar.swift in Sources */,
				OBJ_305 /* KeyboardToolbar.swift in Sources */,
			);
			runOnlyForDeploymentPostprocessing = 0;
		};
		OBJ_311 /* Sources */ = {
			isa = PBXSourcesBuildPhase;
			buildActionMask = 0;
			files = (
				OBJ_312 /* Package.swift in Sources */,
			);
			runOnlyForDeploymentPostprocessing = 0;
		};
		OBJ_322 /* Sources */ = {
			isa = PBXSourcesBuildPhase;
			buildActionMask = 0;
			files = (
				OBJ_323 /* KeyboardActionRowTest.swift in Sources */,
				OBJ_324 /* KeyboardActionRowsTests.swift in Sources */,
				OBJ_325 /* KeyboardActionTests.swift in Sources */,
				OBJ_326 /* StandardKeyboardActionHandlerTests.swift in Sources */,
				OBJ_327 /* ToastAlertTests.swift in Sources */,
				OBJ_328 /* HorizontalKeyboardComponentTests.swift in Sources */,
				OBJ_329 /* PagedKeyboardComponentTests.swift in Sources */,
				OBJ_330 /* VerticalKeyboardComponentTests.swift in Sources */,
				OBJ_331 /* Array+AppendingTests.swift in Sources */,
				OBJ_332 /* CGFloat+KeyboardTests.swift in Sources */,
				OBJ_333 /* Sequence+BatchTests.swift in Sources */,
				OBJ_334 /* String+UppercasedTests.swift in Sources */,
				OBJ_335 /* UIImage+PasteboardTests.swift in Sources */,
				OBJ_336 /* UIImage+ResizedTests.swift in Sources */,
				OBJ_337 /* UIImage+TintedTests.swift in Sources */,
				OBJ_338 /* UIStackView+SubviewsTests.swift in Sources */,
				OBJ_339 /* UITextDocumentProxy+CurrentWordTests.swift in Sources */,
				OBJ_340 /* UITextDocumentProxy+DeleteTests.swift in Sources */,
				OBJ_341 /* UIView+NibTests.swift in Sources */,
				OBJ_342 /* UIView+SubviewsTests.swift in Sources */,
				OBJ_343 /* UIViewAutoresizing+ExtrasTests.swift in Sources */,
				OBJ_344 /* RepeatingGestureRecognizerTests.swift in Sources */,
				OBJ_345 /* UIView+LongPressActionTests.swift in Sources */,
				OBJ_346 /* UIView+RepeatingActionTests.swift in Sources */,
				OBJ_347 /* UIView+TapActionTests.swift in Sources */,
				OBJ_348 /* HapticFeedback+KeyboardTests.swift in Sources */,
				OBJ_349 /* KeyboardInputViewControllerTests.swift in Sources */,
				OBJ_350 /* KeyboardSettingTests.swift in Sources */,
				OBJ_351 /* KeyboardShiftStateTests.swift in Sources */,
				OBJ_352 /* MockCollectionViewLayout.swift in Sources */,
				OBJ_353 /* MockInputViewController.swift in Sources */,
				OBJ_354 /* MockKeyboardActionHandler.swift in Sources */,
				OBJ_355 /* MockKeyboardInputViewController.swift in Sources */,
				OBJ_356 /* MockPasteboard.swift in Sources */,
				OBJ_357 /* MockTextDocumentProxy.swift in Sources */,
				OBJ_358 /* UIView+ShadowTests.swift in Sources */,
				OBJ_359 /* KeyboardButtonCollectionViewTests.swift in Sources */,
				OBJ_360 /* KeyboardButtonRowCollectionViewTests.swift in Sources */,
				OBJ_361 /* KeyboardCollectionViewTests.swift in Sources */,
				OBJ_362 /* KeyboardButtonRowTests.swift in Sources */,
				OBJ_363 /* KeyboardButtonViewTests.swift in Sources */,
				OBJ_364 /* KeyboardSpacerViewTests.swift in Sources */,
				OBJ_365 /* KeyboardToolbarTests.swift in Sources */,
				OBJ_366 /* XCTestManifests.swift in Sources */,
			);
			runOnlyForDeploymentPostprocessing = 0;
		};
/* End PBXSourcesBuildPhase section */

/* Begin PBXTargetDependency section */
		OBJ_317 /* PBXTargetDependency */ = {
			isa = PBXTargetDependency;
			target = "KeyboardKit::KeyboardKitTests" /* KeyboardKitTests */;
			targetProxy = 8441DB482343B0C300338DAD /* PBXContainerItemProxy */;
		};
		OBJ_381 /* PBXTargetDependency */ = {
			isa = PBXTargetDependency;
			target = "KeyboardKit::KeyboardKit" /* KeyboardKit */;
			targetProxy = 8441DB472343B0C200338DAD /* PBXContainerItemProxy */;
		};
/* End PBXTargetDependency section */

/* Begin XCBuildConfiguration section */
		OBJ_250 /* Debug */ = {
			isa = XCBuildConfiguration;
			buildSettings = {
				APPLICATION_EXTENSION_API_ONLY = YES;
				ENABLE_TESTABILITY = YES;
				FRAMEWORK_SEARCH_PATHS = (
					"$(inherited)",
					"$(PLATFORM_DIR)/Developer/Library/Frameworks",
				);
				HEADER_SEARCH_PATHS = "$(inherited)";
				INFOPLIST_FILE = KeyboardKit.xcodeproj/KeyboardKit_Info.plist;
				IPHONEOS_DEPLOYMENT_TARGET = 11.0;
				LD_RUNPATH_SEARCH_PATHS = (
					"$(inherited)",
					"$(TOOLCHAIN_DIR)/usr/lib/swift/macosx",
				);
				MACOSX_DEPLOYMENT_TARGET = 10.10;
				OTHER_CFLAGS = "$(inherited)";
				OTHER_LDFLAGS = "$(inherited)";
				OTHER_SWIFT_FLAGS = "$(inherited)";
				PRODUCT_BUNDLE_IDENTIFIER = KeyboardKit;
				PRODUCT_MODULE_NAME = "$(TARGET_NAME:c99extidentifier)";
				PRODUCT_NAME = "$(TARGET_NAME:c99extidentifier)";
				SKIP_INSTALL = YES;
				SWIFT_ACTIVE_COMPILATION_CONDITIONS = "$(inherited)";
				SWIFT_VERSION = 5.0;
				TARGET_NAME = KeyboardKit;
				TVOS_DEPLOYMENT_TARGET = 9.0;
				WATCHOS_DEPLOYMENT_TARGET = 2.0;
			};
			name = Debug;
		};
		OBJ_251 /* Release */ = {
			isa = XCBuildConfiguration;
			buildSettings = {
				APPLICATION_EXTENSION_API_ONLY = YES;
				ENABLE_TESTABILITY = YES;
				FRAMEWORK_SEARCH_PATHS = (
					"$(inherited)",
					"$(PLATFORM_DIR)/Developer/Library/Frameworks",
				);
				HEADER_SEARCH_PATHS = "$(inherited)";
				INFOPLIST_FILE = KeyboardKit.xcodeproj/KeyboardKit_Info.plist;
				IPHONEOS_DEPLOYMENT_TARGET = 11.0;
				LD_RUNPATH_SEARCH_PATHS = (
					"$(inherited)",
					"$(TOOLCHAIN_DIR)/usr/lib/swift/macosx",
				);
				MACOSX_DEPLOYMENT_TARGET = 10.10;
				OTHER_CFLAGS = "$(inherited)";
				OTHER_LDFLAGS = "$(inherited)";
				OTHER_SWIFT_FLAGS = "$(inherited)";
				PRODUCT_BUNDLE_IDENTIFIER = KeyboardKit;
				PRODUCT_MODULE_NAME = "$(TARGET_NAME:c99extidentifier)";
				PRODUCT_NAME = "$(TARGET_NAME:c99extidentifier)";
				SKIP_INSTALL = YES;
				SWIFT_ACTIVE_COMPILATION_CONDITIONS = "$(inherited)";
				SWIFT_VERSION = 5.0;
				TARGET_NAME = KeyboardKit;
				TVOS_DEPLOYMENT_TARGET = 9.0;
				WATCHOS_DEPLOYMENT_TARGET = 2.0;
			};
			name = Release;
		};
		OBJ_3 /* Debug */ = {
			isa = XCBuildConfiguration;
			buildSettings = {
				CLANG_ENABLE_OBJC_ARC = YES;
				COMBINE_HIDPI_IMAGES = YES;
				COPY_PHASE_STRIP = NO;
				DEBUG_INFORMATION_FORMAT = dwarf;
				DYLIB_INSTALL_NAME_BASE = "@rpath";
				ENABLE_NS_ASSERTIONS = YES;
				GCC_OPTIMIZATION_LEVEL = 0;
				GCC_PREPROCESSOR_DEFINITIONS = (
					"$(inherited)",
					"SWIFT_PACKAGE=1",
					"DEBUG=1",
				);
				MACOSX_DEPLOYMENT_TARGET = 10.10;
				ONLY_ACTIVE_ARCH = YES;
				OTHER_SWIFT_FLAGS = "$(inherited) -DXcode";
				PRODUCT_NAME = "$(TARGET_NAME)";
				SDKROOT = macosx;
				SUPPORTED_PLATFORMS = "macosx iphoneos iphonesimulator appletvos appletvsimulator watchos watchsimulator";
				SWIFT_ACTIVE_COMPILATION_CONDITIONS = "$(inherited) SWIFT_PACKAGE DEBUG";
				SWIFT_OPTIMIZATION_LEVEL = "-Onone";
				USE_HEADERMAP = NO;
			};
			name = Debug;
		};
		OBJ_309 /* Debug */ = {
			isa = XCBuildConfiguration;
			buildSettings = {
				LD = /usr/bin/true;
				OTHER_SWIFT_FLAGS = "-swift-version 5 -I $(TOOLCHAIN_DIR)/usr/lib/swift/pm/4_2 -target x86_64-apple-macosx10.10 -sdk /Applications/Xcode.app/Contents/Developer/Platforms/MacOSX.platform/Developer/SDKs/MacOSX10.15.sdk -package-description-version 5.1";
				SWIFT_VERSION = 5.0;
			};
			name = Debug;
		};
		OBJ_310 /* Release */ = {
			isa = XCBuildConfiguration;
			buildSettings = {
				LD = /usr/bin/true;
				OTHER_SWIFT_FLAGS = "-swift-version 5 -I $(TOOLCHAIN_DIR)/usr/lib/swift/pm/4_2 -target x86_64-apple-macosx10.10 -sdk /Applications/Xcode.app/Contents/Developer/Platforms/MacOSX.platform/Developer/SDKs/MacOSX10.15.sdk -package-description-version 5.1";
				SWIFT_VERSION = 5.0;
			};
			name = Release;
		};
		OBJ_315 /* Debug */ = {
			isa = XCBuildConfiguration;
			buildSettings = {
			};
			name = Debug;
		};
		OBJ_316 /* Release */ = {
			isa = XCBuildConfiguration;
			buildSettings = {
			};
			name = Release;
		};
		OBJ_320 /* Debug */ = {
			isa = XCBuildConfiguration;
			buildSettings = {
				CLANG_ENABLE_MODULES = YES;
				EMBEDDED_CONTENT_CONTAINS_SWIFT = YES;
				FRAMEWORK_SEARCH_PATHS = (
					"$(inherited)",
					"$(PLATFORM_DIR)/Developer/Library/Frameworks",
				);
				HEADER_SEARCH_PATHS = (
					"$(inherited)",
					"$(SRCROOT)/.build/checkouts/Quick/Sources/QuickSpecBase/include",
				);
				INFOPLIST_FILE = KeyboardKit.xcodeproj/KeyboardKitTests_Info.plist;
				IPHONEOS_DEPLOYMENT_TARGET = 11.0;
				LD_RUNPATH_SEARCH_PATHS = (
					"$(inherited)",
					"@loader_path/../Frameworks",
					"@loader_path/Frameworks",
				);
				MACOSX_DEPLOYMENT_TARGET = 10.10;
				OTHER_CFLAGS = "$(inherited)";
				OTHER_LDFLAGS = "$(inherited)";
				OTHER_SWIFT_FLAGS = "$(inherited)";
				SWIFT_ACTIVE_COMPILATION_CONDITIONS = "$(inherited)";
				SWIFT_VERSION = 5.0;
				TARGET_NAME = KeyboardKitTests;
				TVOS_DEPLOYMENT_TARGET = 9.0;
				WATCHOS_DEPLOYMENT_TARGET = 2.0;
			};
			name = Debug;
		};
		OBJ_321 /* Release */ = {
			isa = XCBuildConfiguration;
			buildSettings = {
				CLANG_ENABLE_MODULES = YES;
				EMBEDDED_CONTENT_CONTAINS_SWIFT = YES;
				FRAMEWORK_SEARCH_PATHS = (
					"$(inherited)",
					"$(PLATFORM_DIR)/Developer/Library/Frameworks",
				);
				HEADER_SEARCH_PATHS = (
					"$(inherited)",
					"$(SRCROOT)/.build/checkouts/Quick/Sources/QuickSpecBase/include",
				);
				INFOPLIST_FILE = KeyboardKit.xcodeproj/KeyboardKitTests_Info.plist;
				IPHONEOS_DEPLOYMENT_TARGET = 11.0;
				LD_RUNPATH_SEARCH_PATHS = (
					"$(inherited)",
					"@loader_path/../Frameworks",
					"@loader_path/Frameworks",
				);
				MACOSX_DEPLOYMENT_TARGET = 10.10;
				OTHER_CFLAGS = "$(inherited)";
				OTHER_LDFLAGS = "$(inherited)";
				OTHER_SWIFT_FLAGS = "$(inherited)";
				SWIFT_ACTIVE_COMPILATION_CONDITIONS = "$(inherited)";
				SWIFT_VERSION = 5.0;
				TARGET_NAME = KeyboardKitTests;
				TVOS_DEPLOYMENT_TARGET = 9.0;
				WATCHOS_DEPLOYMENT_TARGET = 2.0;
			};
			name = Release;
		};
		OBJ_4 /* Release */ = {
			isa = XCBuildConfiguration;
			buildSettings = {
				CLANG_ENABLE_OBJC_ARC = YES;
				COMBINE_HIDPI_IMAGES = YES;
				COPY_PHASE_STRIP = YES;
				DEBUG_INFORMATION_FORMAT = "dwarf-with-dsym";
				DYLIB_INSTALL_NAME_BASE = "@rpath";
				GCC_OPTIMIZATION_LEVEL = s;
				GCC_PREPROCESSOR_DEFINITIONS = (
					"$(inherited)",
					"SWIFT_PACKAGE=1",
				);
				MACOSX_DEPLOYMENT_TARGET = 10.10;
				OTHER_SWIFT_FLAGS = "$(inherited) -DXcode";
				PRODUCT_NAME = "$(TARGET_NAME)";
				SDKROOT = macosx;
				SUPPORTED_PLATFORMS = "macosx iphoneos iphonesimulator appletvos appletvsimulator watchos watchsimulator";
				SWIFT_ACTIVE_COMPILATION_CONDITIONS = "$(inherited) SWIFT_PACKAGE";
				SWIFT_COMPILATION_MODE = wholemodule;
				SWIFT_OPTIMIZATION_LEVEL = "-O";
				USE_HEADERMAP = NO;
			};
			name = Release;
		};
/* End XCBuildConfiguration section */

/* Begin XCConfigurationList section */
		OBJ_2 /* Build configuration list for PBXProject "KeyboardKit" */ = {
			isa = XCConfigurationList;
			buildConfigurations = (
				OBJ_3 /* Debug */,
				OBJ_4 /* Release */,
			);
			defaultConfigurationIsVisible = 0;
			defaultConfigurationName = Release;
		};
		OBJ_249 /* Build configuration list for PBXNativeTarget "KeyboardKit" */ = {
			isa = XCConfigurationList;
			buildConfigurations = (
				OBJ_250 /* Debug */,
				OBJ_251 /* Release */,
			);
			defaultConfigurationIsVisible = 0;
			defaultConfigurationName = Release;
		};
		OBJ_308 /* Build configuration list for PBXNativeTarget "KeyboardKitPackageDescription" */ = {
			isa = XCConfigurationList;
			buildConfigurations = (
				OBJ_309 /* Debug */,
				OBJ_310 /* Release */,
			);
			defaultConfigurationIsVisible = 0;
			defaultConfigurationName = Release;
		};
		OBJ_314 /* Build configuration list for PBXAggregateTarget "KeyboardKitPackageTests" */ = {
			isa = XCConfigurationList;
			buildConfigurations = (
				OBJ_315 /* Debug */,
				OBJ_316 /* Release */,
			);
			defaultConfigurationIsVisible = 0;
			defaultConfigurationName = Release;
		};
		OBJ_319 /* Build configuration list for PBXNativeTarget "KeyboardKitTests" */ = {
			isa = XCConfigurationList;
			buildConfigurations = (
				OBJ_320 /* Debug */,
				OBJ_321 /* Release */,
			);
			defaultConfigurationIsVisible = 0;
			defaultConfigurationName = Release;
		};
/* End XCConfigurationList section */

/* Begin XCRemoteSwiftPackageReference section */
		8441DB492343B1A600338DAD /* XCRemoteSwiftPackageReference "Quick" */ = {
			isa = XCRemoteSwiftPackageReference;
			repositoryURL = "https://github.com/Quick/Quick.git";
			requirement = {
				kind = upToNextMajorVersion;
				minimumVersion = 2.2.0;
			};
		};
		8441DB4C2343B1C000338DAD /* XCRemoteSwiftPackageReference "Nimble" */ = {
			isa = XCRemoteSwiftPackageReference;
			repositoryURL = "https://github.com/Quick/Nimble.git";
			requirement = {
				kind = exactVersion;
				version = 8.0.2;
			};
		};
		8441DB4F2343B1E900338DAD /* XCRemoteSwiftPackageReference "Mockery" */ = {
			isa = XCRemoteSwiftPackageReference;
			repositoryURL = "https://github.com/danielsaidi/Mockery.git";
			requirement = {
				kind = upToNextMajorVersion;
				minimumVersion = 0.1.1;
			};
		};
/* End XCRemoteSwiftPackageReference section */

/* Begin XCSwiftPackageProductDependency section */
		8441DB4A2343B1A600338DAD /* Quick */ = {
			isa = XCSwiftPackageProductDependency;
			package = 8441DB492343B1A600338DAD /* XCRemoteSwiftPackageReference "Quick" */;
			productName = Quick;
		};
		8441DB4D2343B1C000338DAD /* Nimble */ = {
			isa = XCSwiftPackageProductDependency;
			package = 8441DB4C2343B1C000338DAD /* XCRemoteSwiftPackageReference "Nimble" */;
			productName = Nimble;
		};
		8441DB502343B1E900338DAD /* Mockery */ = {
			isa = XCSwiftPackageProductDependency;
			package = 8441DB4F2343B1E900338DAD /* XCRemoteSwiftPackageReference "Mockery" */;
			productName = Mockery;
		};
/* End XCSwiftPackageProductDependency section */
	};
	rootObject = OBJ_1 /* Project object */;
}
