// !$*UTF8*$!
{
	archiveVersion = 1;
	classes = {
	};
	objectVersion = 54;
	objects = {

/* Begin PBXBuildFile section */
		A921152625D58A94003510D9 /* DemoApp.swift in Sources */ = {isa = PBXBuildFile; fileRef = A921152525D58A94003510D9 /* DemoApp.swift */; };
		A921152825D58A94003510D9 /* HomeScreen.swift in Sources */ = {isa = PBXBuildFile; fileRef = A921152725D58A94003510D9 /* HomeScreen.swift */; };
		A921152A25D58A96003510D9 /* Assets.xcassets in Resources */ = {isa = PBXBuildFile; fileRef = A921152925D58A96003510D9 /* Assets.xcassets */; };
		A9521CF329A3941400C62ECE /* Settings.bundle in Resources */ = {isa = PBXBuildFile; fileRef = A9521CF229A3941400C62ECE /* Settings.bundle */; };
		A96F413B2C73F2FE007344D2 /* KeyboardApp+Demo.swift in Sources */ = {isa = PBXBuildFile; fileRef = A96F413A2C73F2FE007344D2 /* KeyboardApp+Demo.swift */; };
		A97B30662E72999E0052E8C4 /* KeyboardKit in Frameworks */ = {isa = PBXBuildFile; productRef = A97B30652E72999E0052E8C4 /* KeyboardKit */; };
		A9855EED2CCBDD8000FD9F0A /* KeyboardKit.license in Resources */ = {isa = PBXBuildFile; fileRef = A9855EEB2CCBDD8000FD9F0A /* KeyboardKit.license */; };
		A99A1EAB2E6324B10014973F /* KeyboardKit in Frameworks */ = {isa = PBXBuildFile; productRef = A99A1EAA2E6324B10014973F /* KeyboardKit */; };
		A99A1EDC2E640D5A0014973F /* Keyboard.appex in Embed Foundation Extensions */ = {isa = PBXBuildFile; fileRef = A99A1ED52E640D5A0014973F /* Keyboard.appex */; settings = {ATTRIBUTES = (RemoveHeadersOnCopy, ); }; };
		A99A1F082E640E130014973F /* fuse.wav in Resources */ = {isa = PBXBuildFile; fileRef = A99A1EF82E640E130014973F /* fuse.wav */; };
		A99A1F0A2E640E130014973F /* DemoActionHandler.swift in Sources */ = {isa = PBXBuildFile; fileRef = A99A1EFA2E640E130014973F /* DemoActionHandler.swift */; };
		A99A1F0B2E640E130014973F /* DemoSheet.swift in Sources */ = {isa = PBXBuildFile; fileRef = A99A1EFC2E640E130014973F /* DemoSheet.swift */; };
		A99A1F0C2E640E130014973F /* FullDocumentContextSheet.swift in Sources */ = {isa = PBXBuildFile; fileRef = A99A1EFD2E640E130014973F /* FullDocumentContextSheet.swift */; };
		A99A1F0D2E640E130014973F /* HostAppInfoSheet.swift in Sources */ = {isa = PBXBuildFile; fileRef = A99A1EFE2E640E130014973F /* HostAppInfoSheet.swift */; };
		A99A1F0E2E640E130014973F /* DemoKeyboardMenu.swift in Sources */ = {isa = PBXBuildFile; fileRef = A99A1F002E640E130014973F /* DemoKeyboardMenu.swift */; };
		A99A1F0F2E640E130014973F /* DemoKeyboardView.swift in Sources */ = {isa = PBXBuildFile; fileRef = A99A1F012E640E130014973F /* DemoKeyboardView.swift */; };
		A99A1F102E640E130014973F /* DemoTextInputToolbar.swift in Sources */ = {isa = PBXBuildFile; fileRef = A99A1F022E640E130014973F /* DemoTextInputToolbar.swift */; };
		A99A1F112E640E130014973F /* DemoToolbar.swift in Sources */ = {isa = PBXBuildFile; fileRef = A99A1F032E640E130014973F /* DemoToolbar.swift */; };
		A99A1F122E640E130014973F /* KeyboardKit+Demo.swift in Sources */ = {isa = PBXBuildFile; fileRef = A99A1F052E640E130014973F /* KeyboardKit+Demo.swift */; };
		A99A1F132E640E130014973F /* KeyboardViewController.swift in Sources */ = {isa = PBXBuildFile; fileRef = A99A1F062E640E130014973F /* KeyboardViewController.swift */; };
		A99A1F142E640E2B0014973F /* KeyboardApp+Demo.swift in Sources */ = {isa = PBXBuildFile; fileRef = A96F413A2C73F2FE007344D2 /* KeyboardApp+Demo.swift */; };
		A99A1F152E640EB20014973F /* KeyboardKit.license in Resources */ = {isa = PBXBuildFile; fileRef = A9855EEB2CCBDD8000FD9F0A /* KeyboardKit.license */; };
		A99A1F472E66C2CC0014973F /* Localizable.xcstrings in Resources */ = {isa = PBXBuildFile; fileRef = A9DBBFDB2CF3C53A007B48F4 /* Localizable.xcstrings */; };
		A9A58B812CF4C0EF004DC7BE /* StandardSpeechRecognizer.swift in Sources */ = {isa = PBXBuildFile; fileRef = A9A58B7F2CF4C0EF004DC7BE /* StandardSpeechRecognizer.swift */; };
		A9DBBFDC2CF3C53A007B48F4 /* Localizable.xcstrings in Resources */ = {isa = PBXBuildFile; fileRef = A9DBBFDB2CF3C53A007B48F4 /* Localizable.xcstrings */; };
/* End PBXBuildFile section */

/* Begin PBXContainerItemProxy section */
		A99A1EDA2E640D5A0014973F /* PBXContainerItemProxy */ = {
			isa = PBXContainerItemProxy;
			containerPortal = A921151A25D58A94003510D9 /* Project object */;
			proxyType = 1;
			remoteGlobalIDString = A99A1ED42E640D5A0014973F;
			remoteInfo = Keyboard;
		};
/* End PBXContainerItemProxy section */

/* Begin PBXCopyFilesBuildPhase section */
		A921154425D58AC7003510D9 /* Embed Foundation Extensions */ = {
			isa = PBXCopyFilesBuildPhase;
			buildActionMask = 2147483647;
			dstPath = "";
			dstSubfolderSpec = 13;
			files = (
				A99A1EDC2E640D5A0014973F /* Keyboard.appex in Embed Foundation Extensions */,
			);
			name = "Embed Foundation Extensions";
			runOnlyForDeploymentPostprocessing = 0;
		};
/* End PBXCopyFilesBuildPhase section */

/* Begin PBXFileReference section */
		A921152225D58A94003510D9 /* Demo.app */ = {isa = PBXFileReference; explicitFileType = wrapper.application; includeInIndex = 0; path = Demo.app; sourceTree = BUILT_PRODUCTS_DIR; };
		A921152525D58A94003510D9 /* DemoApp.swift */ = {isa = PBXFileReference; lastKnownFileType = sourcecode.swift; path = DemoApp.swift; sourceTree = "<group>"; };
		A921152725D58A94003510D9 /* HomeScreen.swift */ = {isa = PBXFileReference; lastKnownFileType = sourcecode.swift; path = HomeScreen.swift; sourceTree = "<group>"; };
		A921152925D58A96003510D9 /* Assets.xcassets */ = {isa = PBXFileReference; lastKnownFileType = folder.assetcatalog; path = Assets.xcassets; sourceTree = "<group>"; };
		A921152E25D58A96003510D9 /* Info.plist */ = {isa = PBXFileReference; lastKnownFileType = text.plist.xml; path = Info.plist; sourceTree = "<group>"; };
		A9521CF229A3941400C62ECE /* Settings.bundle */ = {isa = PBXFileReference; lastKnownFileType = "wrapper.plug-in"; path = Settings.bundle; sourceTree = "<group>"; };
		A96F413A2C73F2FE007344D2 /* KeyboardApp+Demo.swift */ = {isa = PBXFileReference; lastKnownFileType = sourcecode.swift; path = "KeyboardApp+Demo.swift"; sourceTree = "<group>"; };
		A9855EEB2CCBDD8000FD9F0A /* KeyboardKit.license */ = {isa = PBXFileReference; lastKnownFileType = text; path = KeyboardKit.license; sourceTree = "<group>"; };
		A99A1ED52E640D5A0014973F /* Keyboard.appex */ = {isa = PBXFileReference; explicitFileType = "wrapper.app-extension"; includeInIndex = 0; path = Keyboard.appex; sourceTree = BUILT_PRODUCTS_DIR; };
		A99A1EF82E640E130014973F /* fuse.wav */ = {isa = PBXFileReference; lastKnownFileType = audio.wav; path = fuse.wav; sourceTree = "<group>"; };
		A99A1EFA2E640E130014973F /* DemoActionHandler.swift */ = {isa = PBXFileReference; lastKnownFileType = sourcecode.swift; path = DemoActionHandler.swift; sourceTree = "<group>"; };
		A99A1EFC2E640E130014973F /* DemoSheet.swift */ = {isa = PBXFileReference; lastKnownFileType = sourcecode.swift; path = DemoSheet.swift; sourceTree = "<group>"; };
		A99A1EFD2E640E130014973F /* FullDocumentContextSheet.swift */ = {isa = PBXFileReference; lastKnownFileType = sourcecode.swift; path = FullDocumentContextSheet.swift; sourceTree = "<group>"; };
		A99A1EFE2E640E130014973F /* HostAppInfoSheet.swift */ = {isa = PBXFileReference; lastKnownFileType = sourcecode.swift; path = HostAppInfoSheet.swift; sourceTree = "<group>"; };
		A99A1F002E640E130014973F /* DemoKeyboardMenu.swift */ = {isa = PBXFileReference; lastKnownFileType = sourcecode.swift; path = DemoKeyboardMenu.swift; sourceTree = "<group>"; };
		A99A1F012E640E130014973F /* DemoKeyboardView.swift */ = {isa = PBXFileReference; lastKnownFileType = sourcecode.swift; path = DemoKeyboardView.swift; sourceTree = "<group>"; };
		A99A1F022E640E130014973F /* DemoTextInputToolbar.swift */ = {isa = PBXFileReference; lastKnownFileType = sourcecode.swift; path = DemoTextInputToolbar.swift; sourceTree = "<group>"; };
		A99A1F032E640E130014973F /* DemoToolbar.swift */ = {isa = PBXFileReference; lastKnownFileType = sourcecode.swift; path = DemoToolbar.swift; sourceTree = "<group>"; };
		A99A1F042E640E130014973F /* Info.plist */ = {isa = PBXFileReference; lastKnownFileType = text.plist.xml; path = Info.plist; sourceTree = "<group>"; };
		A99A1F052E640E130014973F /* KeyboardKit+Demo.swift */ = {isa = PBXFileReference; lastKnownFileType = sourcecode.swift; path = "KeyboardKit+Demo.swift"; sourceTree = "<group>"; };
		A99A1F062E640E130014973F /* KeyboardViewController.swift */ = {isa = PBXFileReference; lastKnownFileType = sourcecode.swift; path = KeyboardViewController.swift; sourceTree = "<group>"; };
		A9A58B7F2CF4C0EF004DC7BE /* StandardSpeechRecognizer.swift */ = {isa = PBXFileReference; lastKnownFileType = sourcecode.swift; path = StandardSpeechRecognizer.swift; sourceTree = "<group>"; };
		A9DBBFDB2CF3C53A007B48F4 /* Localizable.xcstrings */ = {isa = PBXFileReference; lastKnownFileType = text.json.xcstrings; path = Localizable.xcstrings; sourceTree = "<group>"; };
/* End PBXFileReference section */

/* Begin PBXFrameworksBuildPhase section */
		A921151F25D58A94003510D9 /* Frameworks */ = {
			isa = PBXFrameworksBuildPhase;
			buildActionMask = 2147483647;
			files = (
				A97B30662E72999E0052E8C4 /* KeyboardKit in Frameworks */,
				A99A1EAB2E6324B10014973F /* KeyboardKit in Frameworks */,
			);
			runOnlyForDeploymentPostprocessing = 0;
		};
		A99A1ED22E640D5A0014973F /* Frameworks */ = {
			isa = PBXFrameworksBuildPhase;
			buildActionMask = 2147483647;
			files = (
			);
			runOnlyForDeploymentPostprocessing = 0;
		};
/* End PBXFrameworksBuildPhase section */

/* Begin PBXGroup section */
		A921151925D58A94003510D9 = {
			isa = PBXGroup;
			children = (
				A921152425D58A94003510D9 /* Demo */,
				A99A1F072E640E130014973F /* Keyboard */,
				A921152325D58A94003510D9 /* Products */,
				A921155425D58D95003510D9 /* Frameworks */,
			);
			sourceTree = "<group>";
		};
		A921152325D58A94003510D9 /* Products */ = {
			isa = PBXGroup;
			children = (
				A921152225D58A94003510D9 /* Demo.app */,
				A99A1ED52E640D5A0014973F /* Keyboard.appex */,
			);
			name = Products;
			sourceTree = "<group>";
		};
		A921152425D58A94003510D9 /* Demo */ = {
			isa = PBXGroup;
			children = (
				A921152525D58A94003510D9 /* DemoApp.swift */,
				A921152725D58A94003510D9 /* HomeScreen.swift */,
				A96F413A2C73F2FE007344D2 /* KeyboardApp+Demo.swift */,
				A96F3FDA2C70E04A007344D2 /* Assets */,
				A9A58B802CF4C0EF004DC7BE /* Dictation */,
				A95A567C2D7081430036FAAD /* License */,
				A9DBBFDA2CF3C519007B48F4 /* Localization */,
				A921155925D58E39003510D9 /* Supporting Files */,
			);
			path = Demo;
			sourceTree = "<group>";
		};
		A921155425D58D95003510D9 /* Frameworks */ = {
			isa = PBXGroup;
			children = (
			);
			name = Frameworks;
			sourceTree = "<group>";
		};
		A921155925D58E39003510D9 /* Supporting Files */ = {
			isa = PBXGroup;
			children = (
				A921152E25D58A96003510D9 /* Info.plist */,
				A9521CF229A3941400C62ECE /* Settings.bundle */,
			);
			name = "Supporting Files";
			sourceTree = "<group>";
		};
		A95A567C2D7081430036FAAD /* License */ = {
			isa = PBXGroup;
			children = (
				A9855EEB2CCBDD8000FD9F0A /* KeyboardKit.license */,
			);
			path = License;
			sourceTree = "<group>";
		};
		A96F3FDA2C70E04A007344D2 /* Assets */ = {
			isa = PBXGroup;
			children = (
				A921152925D58A96003510D9 /* Assets.xcassets */,
			);
			path = Assets;
			sourceTree = "<group>";
		};
		A99A1EF92E640E130014973F /* Assets */ = {
			isa = PBXGroup;
			children = (
				A99A1EF82E640E130014973F /* fuse.wav */,
			);
			path = Assets;
			sourceTree = "<group>";
		};
		A99A1EFB2E640E130014973F /* Services */ = {
			isa = PBXGroup;
			children = (
				A99A1EFA2E640E130014973F /* DemoActionHandler.swift */,
			);
			path = Services;
			sourceTree = "<group>";
		};
		A99A1EFF2E640E130014973F /* Sheets */ = {
			isa = PBXGroup;
			children = (
				A99A1EFC2E640E130014973F /* DemoSheet.swift */,
				A99A1EFD2E640E130014973F /* FullDocumentContextSheet.swift */,
				A99A1EFE2E640E130014973F /* HostAppInfoSheet.swift */,
			);
			path = Sheets;
			sourceTree = "<group>";
		};
		A99A1F072E640E130014973F /* Keyboard */ = {
			isa = PBXGroup;
			children = (
				A99A1EF92E640E130014973F /* Assets */,
				A99A1EFB2E640E130014973F /* Services */,
				A99A1EFF2E640E130014973F /* Sheets */,
				A99A1F002E640E130014973F /* DemoKeyboardMenu.swift */,
				A99A1F012E640E130014973F /* DemoKeyboardView.swift */,
				A99A1F022E640E130014973F /* DemoTextInputToolbar.swift */,
				A99A1F032E640E130014973F /* DemoToolbar.swift */,
				A99A1F042E640E130014973F /* Info.plist */,
				A99A1F052E640E130014973F /* KeyboardKit+Demo.swift */,
				A99A1F062E640E130014973F /* KeyboardViewController.swift */,
			);
			path = Keyboard;
			sourceTree = "<group>";
		};
		A9A58B802CF4C0EF004DC7BE /* Dictation */ = {
			isa = PBXGroup;
			children = (
				A9A58B7F2CF4C0EF004DC7BE /* StandardSpeechRecognizer.swift */,
			);
			path = Dictation;
			sourceTree = "<group>";
		};
		A9DBBFDA2CF3C519007B48F4 /* Localization */ = {
			isa = PBXGroup;
			children = (
				A9DBBFDB2CF3C53A007B48F4 /* Localizable.xcstrings */,
			);
			path = Localization;
			sourceTree = "<group>";
		};
/* End PBXGroup section */

/* Begin PBXNativeTarget section */
		A921152125D58A94003510D9 /* Demo */ = {
			isa = PBXNativeTarget;
			buildConfigurationList = A921153125D58A96003510D9 /* Build configuration list for PBXNativeTarget "Demo" */;
			buildPhases = (
				A921151E25D58A94003510D9 /* Sources */,
				A921151F25D58A94003510D9 /* Frameworks */,
				A921152025D58A94003510D9 /* Resources */,
				A921154425D58AC7003510D9 /* Embed Foundation Extensions */,
			);
			buildRules = (
			);
			dependencies = (
				A99A1EDB2E640D5A0014973F /* PBXTargetDependency */,
			);
			name = Demo;
			packageProductDependencies = (
				A99A1EAA2E6324B10014973F /* KeyboardKit */,
				A97B30652E72999E0052E8C4 /* KeyboardKit */,
			);
			productName = Demo;
			productReference = A921152225D58A94003510D9 /* Demo.app */;
			productType = "com.apple.product-type.application";
		};
		A99A1ED42E640D5A0014973F /* Keyboard */ = {
			isa = PBXNativeTarget;
			buildConfigurationList = A99A1EDE2E640D5A0014973F /* Build configuration list for PBXNativeTarget "Keyboard" */;
			buildPhases = (
				A99A1ED12E640D5A0014973F /* Sources */,
				A99A1ED22E640D5A0014973F /* Frameworks */,
				A99A1ED32E640D5A0014973F /* Resources */,
			);
			buildRules = (
			);
			dependencies = (
			);
			name = Keyboard;
			packageProductDependencies = (
			);
			productName = Keyboard;
			productReference = A99A1ED52E640D5A0014973F /* Keyboard.appex */;
			productType = "com.apple.product-type.app-extension";
		};
/* End PBXNativeTarget section */

/* Begin PBXProject section */
		A921151A25D58A94003510D9 /* Project object */ = {
			isa = PBXProject;
			attributes = {
				BuildIndependentTargetsInParallel = YES;
				LastSwiftUpdateCheck = 1640;
				LastUpgradeCheck = 1640;
				ORGANIZATIONNAME = "Daniel Saidi";
				TargetAttributes = {
					A921152125D58A94003510D9 = {
						CreatedOnToolsVersion = 12.4;
					};
					A99A1ED42E640D5A0014973F = {
						CreatedOnToolsVersion = 16.4;
					};
				};
			};
			buildConfigurationList = A921151D25D58A94003510D9 /* Build configuration list for PBXProject "Demo" */;
			compatibilityVersion = "Xcode 9.3";
			developmentRegion = en;
			hasScannedForEncodings = 0;
			knownRegions = (
				en,
				Base,
			);
			mainGroup = A921151925D58A94003510D9;
			packageReferences = (
				A97B30642E72999E0052E8C4 /* XCRemoteSwiftPackageReference "keyboardkit" */,
			);
			productRefGroup = A921152325D58A94003510D9 /* Products */;
			projectDirPath = "";
			projectRoot = "";
			targets = (
				A921152125D58A94003510D9 /* Demo */,
				A99A1ED42E640D5A0014973F /* Keyboard */,
			);
		};
/* End PBXProject section */

/* Begin PBXResourcesBuildPhase section */
		A921152025D58A94003510D9 /* Resources */ = {
			isa = PBXResourcesBuildPhase;
			buildActionMask = 2147483647;
			files = (
				A9521CF329A3941400C62ECE /* Settings.bundle in Resources */,
				A921152A25D58A96003510D9 /* Assets.xcassets in Resources */,
				A9DBBFDC2CF3C53A007B48F4 /* Localizable.xcstrings in Resources */,
				A9855EED2CCBDD8000FD9F0A /* KeyboardKit.license in Resources */,
			);
			runOnlyForDeploymentPostprocessing = 0;
		};
		A99A1ED32E640D5A0014973F /* Resources */ = {
			isa = PBXResourcesBuildPhase;
			buildActionMask = 2147483647;
			files = (
				A99A1F082E640E130014973F /* fuse.wav in Resources */,
				A99A1F152E640EB20014973F /* KeyboardKit.license in Resources */,
				A99A1F472E66C2CC0014973F /* Localizable.xcstrings in Resources */,
			);
			runOnlyForDeploymentPostprocessing = 0;
		};
/* End PBXResourcesBuildPhase section */

/* Begin PBXSourcesBuildPhase section */
		A921151E25D58A94003510D9 /* Sources */ = {
			isa = PBXSourcesBuildPhase;
			buildActionMask = 2147483647;
			files = (
				A921152825D58A94003510D9 /* HomeScreen.swift in Sources */,
				A921152625D58A94003510D9 /* DemoApp.swift in Sources */,
				A96F413B2C73F2FE007344D2 /* KeyboardApp+Demo.swift in Sources */,
				A9A58B812CF4C0EF004DC7BE /* StandardSpeechRecognizer.swift in Sources */,
			);
			runOnlyForDeploymentPostprocessing = 0;
		};
		A99A1ED12E640D5A0014973F /* Sources */ = {
			isa = PBXSourcesBuildPhase;
			buildActionMask = 2147483647;
			files = (
				A99A1F0A2E640E130014973F /* DemoActionHandler.swift in Sources */,
				A99A1F0B2E640E130014973F /* DemoSheet.swift in Sources */,
				A99A1F0C2E640E130014973F /* FullDocumentContextSheet.swift in Sources */,
				A99A1F142E640E2B0014973F /* KeyboardApp+Demo.swift in Sources */,
				A99A1F0D2E640E130014973F /* HostAppInfoSheet.swift in Sources */,
				A99A1F0E2E640E130014973F /* DemoKeyboardMenu.swift in Sources */,
				A99A1F0F2E640E130014973F /* DemoKeyboardView.swift in Sources */,
				A99A1F102E640E130014973F /* DemoTextInputToolbar.swift in Sources */,
				A99A1F112E640E130014973F /* DemoToolbar.swift in Sources */,
				A99A1F122E640E130014973F /* KeyboardKit+Demo.swift in Sources */,
				A99A1F132E640E130014973F /* KeyboardViewController.swift in Sources */,
			);
			runOnlyForDeploymentPostprocessing = 0;
		};
/* End PBXSourcesBuildPhase section */

/* Begin PBXTargetDependency section */
		A99A1EDB2E640D5A0014973F /* PBXTargetDependency */ = {
			isa = PBXTargetDependency;
			target = A99A1ED42E640D5A0014973F /* Keyboard */;
			targetProxy = A99A1EDA2E640D5A0014973F /* PBXContainerItemProxy */;
		};
/* End PBXTargetDependency section */

/* Begin XCBuildConfiguration section */
		A921152F25D58A96003510D9 /* Debug */ = {
			isa = XCBuildConfiguration;
			buildSettings = {
				ALWAYS_SEARCH_USER_PATHS = NO;
				CLANG_ANALYZER_NONNULL = YES;
				CLANG_ANALYZER_NUMBER_OBJECT_CONVERSION = YES_AGGRESSIVE;
				CLANG_CXX_LANGUAGE_STANDARD = "gnu++14";
				CLANG_CXX_LIBRARY = "libc++";
				CLANG_ENABLE_MODULES = YES;
				CLANG_ENABLE_OBJC_ARC = YES;
				CLANG_ENABLE_OBJC_WEAK = YES;
				CLANG_WARN_BLOCK_CAPTURE_AUTORELEASING = YES;
				CLANG_WARN_BOOL_CONVERSION = YES;
				CLANG_WARN_COMMA = YES;
				CLANG_WARN_CONSTANT_CONVERSION = YES;
				CLANG_WARN_DEPRECATED_OBJC_IMPLEMENTATIONS = YES;
				CLANG_WARN_DIRECT_OBJC_ISA_USAGE = YES_ERROR;
				CLANG_WARN_DOCUMENTATION_COMMENTS = YES;
				CLANG_WARN_EMPTY_BODY = YES;
				CLANG_WARN_ENUM_CONVERSION = YES;
				CLANG_WARN_INFINITE_RECURSION = YES;
				CLANG_WARN_INT_CONVERSION = YES;
				CLANG_WARN_NON_LITERAL_NULL_CONVERSION = YES;
				CLANG_WARN_OBJC_IMPLICIT_RETAIN_SELF = YES;
				CLANG_WARN_OBJC_LITERAL_CONVERSION = YES;
				CLANG_WARN_OBJC_ROOT_CLASS = YES_ERROR;
				CLANG_WARN_QUOTED_INCLUDE_IN_FRAMEWORK_HEADER = YES;
				CLANG_WARN_RANGE_LOOP_ANALYSIS = YES;
				CLANG_WARN_STRICT_PROTOTYPES = YES;
				CLANG_WARN_SUSPICIOUS_MOVE = YES;
				CLANG_WARN_UNGUARDED_AVAILABILITY = YES_AGGRESSIVE;
				CLANG_WARN_UNREACHABLE_CODE = YES;
				CLANG_WARN__DUPLICATE_METHOD_MATCH = YES;
				COPY_PHASE_STRIP = NO;
				DEBUG_INFORMATION_FORMAT = dwarf;
				ENABLE_STRICT_OBJC_MSGSEND = YES;
				ENABLE_TESTABILITY = YES;
				ENABLE_USER_SCRIPT_SANDBOXING = YES;
				GCC_C_LANGUAGE_STANDARD = gnu11;
				GCC_DYNAMIC_NO_PIC = NO;
				GCC_NO_COMMON_BLOCKS = YES;
				GCC_OPTIMIZATION_LEVEL = 0;
				GCC_PREPROCESSOR_DEFINITIONS = (
					"DEBUG=1",
					"$(inherited)",
				);
				GCC_WARN_64_TO_32_BIT_CONVERSION = YES;
				GCC_WARN_ABOUT_RETURN_TYPE = YES_ERROR;
				GCC_WARN_UNDECLARED_SELECTOR = YES;
				GCC_WARN_UNINITIALIZED_AUTOS = YES_AGGRESSIVE;
				GCC_WARN_UNUSED_FUNCTION = YES;
				GCC_WARN_UNUSED_VARIABLE = YES;
				INFOPLIST_KEY_NSHumanReadableCopyright = "Copyright © 2021-2025 Daniel Saidi. All rights reserved.";
				IPHONEOS_DEPLOYMENT_TARGET = 16.6;
				MARKETING_VERSION = 10.0;
				MTL_ENABLE_DEBUG_INFO = INCLUDE_SOURCE;
				MTL_FAST_MATH = YES;
				ONLY_ACTIVE_ARCH = YES;
				SDKROOT = iphoneos;
				SWIFT_ACTIVE_COMPILATION_CONDITIONS = DEBUG;
				SWIFT_EMIT_LOC_STRINGS = YES;
				SWIFT_OPTIMIZATION_LEVEL = "-Onone";
			};
			name = Debug;
		};
		A921153025D58A96003510D9 /* Release */ = {
			isa = XCBuildConfiguration;
			buildSettings = {
				ALWAYS_SEARCH_USER_PATHS = NO;
				CLANG_ANALYZER_NONNULL = YES;
				CLANG_ANALYZER_NUMBER_OBJECT_CONVERSION = YES_AGGRESSIVE;
				CLANG_CXX_LANGUAGE_STANDARD = "gnu++14";
				CLANG_CXX_LIBRARY = "libc++";
				CLANG_ENABLE_MODULES = YES;
				CLANG_ENABLE_OBJC_ARC = YES;
				CLANG_ENABLE_OBJC_WEAK = YES;
				CLANG_WARN_BLOCK_CAPTURE_AUTORELEASING = YES;
				CLANG_WARN_BOOL_CONVERSION = YES;
				CLANG_WARN_COMMA = YES;
				CLANG_WARN_CONSTANT_CONVERSION = YES;
				CLANG_WARN_DEPRECATED_OBJC_IMPLEMENTATIONS = YES;
				CLANG_WARN_DIRECT_OBJC_ISA_USAGE = YES_ERROR;
				CLANG_WARN_DOCUMENTATION_COMMENTS = YES;
				CLANG_WARN_EMPTY_BODY = YES;
				CLANG_WARN_ENUM_CONVERSION = YES;
				CLANG_WARN_INFINITE_RECURSION = YES;
				CLANG_WARN_INT_CONVERSION = YES;
				CLANG_WARN_NON_LITERAL_NULL_CONVERSION = YES;
				CLANG_WARN_OBJC_IMPLICIT_RETAIN_SELF = YES;
				CLANG_WARN_OBJC_LITERAL_CONVERSION = YES;
				CLANG_WARN_OBJC_ROOT_CLASS = YES_ERROR;
				CLANG_WARN_QUOTED_INCLUDE_IN_FRAMEWORK_HEADER = YES;
				CLANG_WARN_RANGE_LOOP_ANALYSIS = YES;
				CLANG_WARN_STRICT_PROTOTYPES = YES;
				CLANG_WARN_SUSPICIOUS_MOVE = YES;
				CLANG_WARN_UNGUARDED_AVAILABILITY = YES_AGGRESSIVE;
				CLANG_WARN_UNREACHABLE_CODE = YES;
				CLANG_WARN__DUPLICATE_METHOD_MATCH = YES;
				COPY_PHASE_STRIP = NO;
				DEBUG_INFORMATION_FORMAT = "dwarf-with-dsym";
				ENABLE_NS_ASSERTIONS = NO;
				ENABLE_STRICT_OBJC_MSGSEND = YES;
				ENABLE_USER_SCRIPT_SANDBOXING = YES;
				GCC_C_LANGUAGE_STANDARD = gnu11;
				GCC_NO_COMMON_BLOCKS = YES;
				GCC_WARN_64_TO_32_BIT_CONVERSION = YES;
				GCC_WARN_ABOUT_RETURN_TYPE = YES_ERROR;
				GCC_WARN_UNDECLARED_SELECTOR = YES;
				GCC_WARN_UNINITIALIZED_AUTOS = YES_AGGRESSIVE;
				GCC_WARN_UNUSED_FUNCTION = YES;
				GCC_WARN_UNUSED_VARIABLE = YES;
				INFOPLIST_KEY_NSHumanReadableCopyright = "Copyright © 2021-2025 Daniel Saidi. All rights reserved.";
				IPHONEOS_DEPLOYMENT_TARGET = 16.6;
				MARKETING_VERSION = 10.0;
				MTL_ENABLE_DEBUG_INFO = NO;
				MTL_FAST_MATH = YES;
				SDKROOT = iphoneos;
				SWIFT_COMPILATION_MODE = wholemodule;
				SWIFT_EMIT_LOC_STRINGS = YES;
				SWIFT_OPTIMIZATION_LEVEL = "-O";
				VALIDATE_PRODUCT = YES;
			};
			name = Release;
		};
		A921153225D58A96003510D9 /* Debug */ = {
			isa = XCBuildConfiguration;
			buildSettings = {
				ASSETCATALOG_COMPILER_APPICON_NAME = AppIcon;
				ASSETCATALOG_COMPILER_GLOBAL_ACCENT_COLOR_NAME = AccentColor;
				CODE_SIGN_STYLE = Automatic;
				DEVELOPMENT_TEAM = PMEDFW438U;
				ENABLE_PREVIEWS = YES;
				INFOPLIST_FILE = Demo/Info.plist;
				IPHONEOS_DEPLOYMENT_TARGET = 16.0;
				LD_RUNPATH_SEARCH_PATHS = (
					"$(inherited)",
					"@executable_path/Frameworks",
				);
				PRODUCT_BUNDLE_IDENTIFIER = com.keyboardkit.demo;
				PRODUCT_NAME = "$(TARGET_NAME)";
				SWIFT_VERSION = 5.0;
				TARGETED_DEVICE_FAMILY = "1,2";
			};
			name = Debug;
		};
		A921153325D58A96003510D9 /* Release */ = {
			isa = XCBuildConfiguration;
			buildSettings = {
				ASSETCATALOG_COMPILER_APPICON_NAME = AppIcon;
				ASSETCATALOG_COMPILER_GLOBAL_ACCENT_COLOR_NAME = AccentColor;
				CODE_SIGN_STYLE = Manual;
				DEVELOPMENT_TEAM = "";
				ENABLE_PREVIEWS = YES;
				INFOPLIST_FILE = Demo/Info.plist;
				IPHONEOS_DEPLOYMENT_TARGET = 16.0;
				LD_RUNPATH_SEARCH_PATHS = (
					"$(inherited)",
					"@executable_path/Frameworks",
				);
				PRODUCT_BUNDLE_IDENTIFIER = com.keyboardkit.demo;
				PRODUCT_NAME = "$(TARGET_NAME)";
				PROVISIONING_PROFILE_SPECIFIER = "";
				SWIFT_VERSION = 5.0;
				TARGETED_DEVICE_FAMILY = "1,2";
			};
			name = Release;
		};
		A99A1EDF2E640D5A0014973F /* Debug */ = {
			isa = XCBuildConfiguration;
			buildSettings = {
				ASSETCATALOG_COMPILER_GENERATE_SWIFT_ASSET_SYMBOL_EXTENSIONS = YES;
				CLANG_CXX_LANGUAGE_STANDARD = "gnu++20";
				CODE_SIGN_STYLE = Automatic;
				CURRENT_PROJECT_VERSION = 1;
				DEVELOPMENT_TEAM = PMEDFW438U;
				GCC_C_LANGUAGE_STANDARD = gnu17;
				GENERATE_INFOPLIST_FILE = YES;
				INFOPLIST_FILE = Keyboard/Info.plist;
				INFOPLIST_KEY_CFBundleDisplayName = Demo;
				INFOPLIST_KEY_NSHumanReadableCopyright = "Copyright © 2025 Daniel Saidi. All rights reserved.";
				IPHONEOS_DEPLOYMENT_TARGET = 18.5;
				LD_RUNPATH_SEARCH_PATHS = (
					"$(inherited)",
					"@executable_path/Frameworks",
					"@executable_path/../../Frameworks",
				);
				LOCALIZATION_PREFERS_STRING_CATALOGS = YES;
				PRODUCT_BUNDLE_IDENTIFIER = com.keyboardkit.demo.Keyboard;
				PRODUCT_NAME = "$(TARGET_NAME)";
				SKIP_INSTALL = YES;
				SWIFT_ACTIVE_COMPILATION_CONDITIONS = "DEBUG $(inherited)";
				SWIFT_EMIT_LOC_STRINGS = YES;
				SWIFT_VERSION = 5.0;
				TARGETED_DEVICE_FAMILY = "1,2";
			};
			name = Debug;
		};
		A99A1EE02E640D5A0014973F /* Release */ = {
			isa = XCBuildConfiguration;
			buildSettings = {
				ASSETCATALOG_COMPILER_GENERATE_SWIFT_ASSET_SYMBOL_EXTENSIONS = YES;
				CLANG_CXX_LANGUAGE_STANDARD = "gnu++20";
				CODE_SIGN_STYLE = Automatic;
				CURRENT_PROJECT_VERSION = 1;
				DEVELOPMENT_TEAM = "";
				GCC_C_LANGUAGE_STANDARD = gnu17;
				GENERATE_INFOPLIST_FILE = YES;
				INFOPLIST_FILE = Keyboard/Info.plist;
				INFOPLIST_KEY_CFBundleDisplayName = Demo;
				INFOPLIST_KEY_NSHumanReadableCopyright = "Copyright © 2025 Daniel Saidi. All rights reserved.";
				IPHONEOS_DEPLOYMENT_TARGET = 18.5;
				LD_RUNPATH_SEARCH_PATHS = (
					"$(inherited)",
					"@executable_path/Frameworks",
					"@executable_path/../../Frameworks",
				);
				LOCALIZATION_PREFERS_STRING_CATALOGS = YES;
				PRODUCT_BUNDLE_IDENTIFIER = com.keyboardkit.demo.Keyboard;
				PRODUCT_NAME = "$(TARGET_NAME)";
				SKIP_INSTALL = YES;
				SWIFT_EMIT_LOC_STRINGS = YES;
				SWIFT_VERSION = 5.0;
				TARGETED_DEVICE_FAMILY = "1,2";
			};
			name = Release;
		};
/* End XCBuildConfiguration section */

/* Begin XCConfigurationList section */
		A921151D25D58A94003510D9 /* Build configuration list for PBXProject "Demo" */ = {
			isa = XCConfigurationList;
			buildConfigurations = (
				A921152F25D58A96003510D9 /* Debug */,
				A921153025D58A96003510D9 /* Release */,
			);
			defaultConfigurationIsVisible = 0;
			defaultConfigurationName = Release;
		};
		A921153125D58A96003510D9 /* Build configuration list for PBXNativeTarget "Demo" */ = {
			isa = XCConfigurationList;
			buildConfigurations = (
				A921153225D58A96003510D9 /* Debug */,
				A921153325D58A96003510D9 /* Release */,
			);
			defaultConfigurationIsVisible = 0;
			defaultConfigurationName = Release;
		};
		A99A1EDE2E640D5A0014973F /* Build configuration list for PBXNativeTarget "Keyboard" */ = {
			isa = XCConfigurationList;
			buildConfigurations = (
				A99A1EDF2E640D5A0014973F /* Debug */,
				A99A1EE02E640D5A0014973F /* Release */,
			);
			defaultConfigurationIsVisible = 0;
			defaultConfigurationName = Release;
		};
/* End XCConfigurationList section */

/* Begin XCRemoteSwiftPackageReference section */
		A97B30642E72999E0052E8C4 /* XCRemoteSwiftPackageReference "keyboardkit" */ = {
			isa = XCRemoteSwiftPackageReference;
			repositoryURL = "https://github.com/keyboardkit/keyboardkit.git";
			requirement = {
				branch = "10.0-b.1";
				kind = branch;
			};
		};
/* End XCRemoteSwiftPackageReference section */

/* Begin XCSwiftPackageProductDependency section */
		A97B30652E72999E0052E8C4 /* KeyboardKit */ = {
			isa = XCSwiftPackageProductDependency;
			package = A97B30642E72999E0052E8C4 /* XCRemoteSwiftPackageReference "keyboardkit" */;
			productName = KeyboardKit;
		};
		A99A1EAA2E6324B10014973F /* KeyboardKit */ = {
			isa = XCSwiftPackageProductDependency;
			productName = KeyboardKit;
		};
/* End XCSwiftPackageProductDependency section */
	};
	rootObject = A921151A25D58A94003510D9 /* Project object */;
}
